// !$*UTF8*$!
{
	archiveVersion = 1;
	classes = {
	};
	objectVersion = 46;
	objects = {

/* Begin PBXBuildFile section */
		65F42CA1EE0FA36A727C6058 /* libPods.a in Frameworks */ = {isa = PBXBuildFile; fileRef = 044C10776D29CF0D4096257D /* libPods.a */; };
		7A067B491C4F7A2D009ADB8D /* blueArrow.png in Resources */ = {isa = PBXBuildFile; fileRef = 7A067B451C4F7A2D009ADB8D /* blueArrow.png */; };
		7A067B4A1C4F7A2D009ADB8D /* blueArrowDown.png in Resources */ = {isa = PBXBuildFile; fileRef = 7A067B461C4F7A2D009ADB8D /* blueArrowDown.png */; };
		7A067B4B1C4F7A2D009ADB8D /* PullingRefreshTableView.m in Sources */ = {isa = PBXBuildFile; fileRef = 7A067B481C4F7A2D009ADB8D /* PullingRefreshTableView.m */; settings = {COMPILER_FLAGS = "-fno-objc-arc"; }; };
		7A067B501C4F7A95009ADB8D /* ProgressHUD.bundle in Resources */ = {isa = PBXBuildFile; fileRef = 7A067B4D1C4F7A95009ADB8D /* ProgressHUD.bundle */; };
		7A067B511C4F7A95009ADB8D /* ProgressHUD.m in Sources */ = {isa = PBXBuildFile; fileRef = 7A067B4F1C4F7A95009ADB8D /* ProgressHUD.m */; };
		7A067B551C4F7F83009ADB8D /* ListTableViewCell.m in Sources */ = {isa = PBXBuildFile; fileRef = 7A067B531C4F7F83009ADB8D /* ListTableViewCell.m */; };
		7A067B561C4F7F83009ADB8D /* ListTableViewCell.xib in Resources */ = {isa = PBXBuildFile; fileRef = 7A067B541C4F7F83009ADB8D /* ListTableViewCell.xib */; };
		7A067B591C4F7FA0009ADB8D /* ListModel.m in Sources */ = {isa = PBXBuildFile; fileRef = 7A067B581C4F7FA0009ADB8D /* ListModel.m */; };
		7A2364701C4E1AD1005A0A3F /* FindTableViewCell.m in Sources */ = {isa = PBXBuildFile; fileRef = 7A23646E1C4E1AD1005A0A3F /* FindTableViewCell.m */; };
		7A2364711C4E1AD1005A0A3F /* FindTableViewCell.xib in Resources */ = {isa = PBXBuildFile; fileRef = 7A23646F1C4E1AD1005A0A3F /* FindTableViewCell.xib */; };
		7A2364741C4E1E95005A0A3F /* FindModel.m in Sources */ = {isa = PBXBuildFile; fileRef = 7A2364731C4E1E95005A0A3F /* FindModel.m */; };
		7A2364761C4E23C7005A0A3F /* Property List.plist in Resources */ = {isa = PBXBuildFile; fileRef = 7A2364751C4E23C7005A0A3F /* Property List.plist */; };
		7A2364791C4E2CBA005A0A3F /* ListViewController.m in Sources */ = {isa = PBXBuildFile; fileRef = 7A2364781C4E2CBA005A0A3F /* ListViewController.m */; };
		7A23647F1C4E32F3005A0A3F /* UIViewController+Common.m in Sources */ = {isa = PBXBuildFile; fileRef = 7A23647E1C4E32F3005A0A3F /* UIViewController+Common.m */; };
		7A3B68131C507B9300508DB8 /* FavoriteTableViewCell.m in Sources */ = {isa = PBXBuildFile; fileRef = 7A3B68111C507B9300508DB8 /* FavoriteTableViewCell.m */; };
		7A3B68141C507B9300508DB8 /* FavoriteTableViewCell.xib in Resources */ = {isa = PBXBuildFile; fileRef = 7A3B68121C507B9300508DB8 /* FavoriteTableViewCell.xib */; };
		7A3B68191C5087E800508DB8 /* Favorite.plist in Resources */ = {isa = PBXBuildFile; fileRef = 7A3B68181C5087E800508DB8 /* Favorite.plist */; };
		7A40607B1C606A6300956EC6 /* ZhuceViewController.m in Sources */ = {isa = PBXBuildFile; fileRef = 7A40607A1C606A6300956EC6 /* ZhuceViewController.m */; };
		7A6B97F71C4CE96800885D9D /* find.storyboard in Resources */ = {isa = PBXBuildFile; fileRef = 7A6B97F61C4CE96800885D9D /* find.storyboard */; };
		7A6B97F91C4CE98800885D9D /* favorite.storyboard in Resources */ = {isa = PBXBuildFile; fileRef = 7A6B97F81C4CE98800885D9D /* favorite.storyboard */; };
		7A76D6AD1C5885FC0023ECF2 /* RecomendList.plist in Resources */ = {isa = PBXBuildFile; fileRef = 7A76D6AC1C5885FC0023ECF2 /* RecomendList.plist */; };
		7A827CB11C4C9EC30076C419 /* main.m in Sources */ = {isa = PBXBuildFile; fileRef = 7A827CB01C4C9EC30076C419 /* main.m */; };
		7A827CB41C4C9EC30076C419 /* AppDelegate.m in Sources */ = {isa = PBXBuildFile; fileRef = 7A827CB31C4C9EC30076C419 /* AppDelegate.m */; };
		7A827CB61C4C9EC30076C419 /* Assets.xcassets in Resources */ = {isa = PBXBuildFile; fileRef = 7A827CB51C4C9EC30076C419 /* Assets.xcassets */; };
		7A827CB91C4C9EC30076C419 /* LaunchScreen.storyboard in Resources */ = {isa = PBXBuildFile; fileRef = 7A827CB71C4C9EC30076C419 /* LaunchScreen.storyboard */; };
		7A827CF01C4CACDE0076C419 /* FavoriteViewController.m in Sources */ = {isa = PBXBuildFile; fileRef = 7A827CE11C4CACDE0076C419 /* FavoriteViewController.m */; };
		7A827CF11C4CACDE0076C419 /* FindViewController.m in Sources */ = {isa = PBXBuildFile; fileRef = 7A827CE71C4CACDE0076C419 /* FindViewController.m */; };
		7A827CF21C4CACDE0076C419 /* MoreViewController.m in Sources */ = {isa = PBXBuildFile; fileRef = 7A827CED1C4CACDE0076C419 /* MoreViewController.m */; };
		7A8F18EC1C8BE648005A11EB /* CollectViewController.m in Sources */ = {isa = PBXBuildFile; fileRef = 7A8F18EB1C8BE648005A11EB /* CollectViewController.m */; };
		7A8F18EF1C8BFD99005A11EB /* DataBaseManager.m in Sources */ = {isa = PBXBuildFile; fileRef = 7A8F18EE1C8BFD99005A11EB /* DataBaseManager.m */; };
		7A8F18F21C8C055B005A11EB /* Collect.m in Sources */ = {isa = PBXBuildFile; fileRef = 7A8F18F11C8C055B005A11EB /* Collect.m */; };
		7AC71C361C59DCB50019F8C3 /* ShareSDK.framework in Frameworks */ = {isa = PBXBuildFile; fileRef = 7AC71C031C59DCB50019F8C3 /* ShareSDK.framework */; };
		7AC71C371C59DCB50019F8C3 /* ShareSDKExtension.framework in Frameworks */ = {isa = PBXBuildFile; fileRef = 7AC71C061C59DCB50019F8C3 /* ShareSDKExtension.framework */; };
		7AC71C381C59DCB50019F8C3 /* ShareSDKInterfaceAdapter.framework in Frameworks */ = {isa = PBXBuildFile; fileRef = 7AC71C071C59DCB50019F8C3 /* ShareSDKInterfaceAdapter.framework */; };
		7AC71C391C59DCB50019F8C3 /* ShareSDKUI.bundle in Resources */ = {isa = PBXBuildFile; fileRef = 7AC71C081C59DCB50019F8C3 /* ShareSDKUI.bundle */; };
		7AC71C3A1C59DCB50019F8C3 /* ShareSDKUI.framework in Frameworks */ = {isa = PBXBuildFile; fileRef = 7AC71C091C59DCB50019F8C3 /* ShareSDKUI.framework */; };
		7AC71C3B1C59DCB50019F8C3 /* libAPOpenSdk.a in Frameworks */ = {isa = PBXBuildFile; fileRef = 7AC71C0E1C59DCB50019F8C3 /* libAPOpenSdk.a */; };
		7AC71C3C1C59DCB50019F8C3 /* README.md in Sources */ = {isa = PBXBuildFile; fileRef = 7AC71C0F1C59DCB50019F8C3 /* README.md */; };
		7AC71C3D1C59DCB50019F8C3 /* FBSDKMessengerShareKit.framework in Frameworks */ = {isa = PBXBuildFile; fileRef = 7AC71C111C59DCB50019F8C3 /* FBSDKMessengerShareKit.framework */; };
		7AC71C3E1C59DCB50019F8C3 /* KakaoOpenSDK.framework in Frameworks */ = {isa = PBXBuildFile; fileRef = 7AC71C131C59DCB50019F8C3 /* KakaoOpenSDK.framework */; };
		7AC71C3F1C59DCB50019F8C3 /* TencentOpenAPI.framework in Frameworks */ = {isa = PBXBuildFile; fileRef = 7AC71C151C59DCB50019F8C3 /* TencentOpenAPI.framework */; };
		7AC71C401C59DCB50019F8C3 /* TencentOpenApi_IOS_Bundle.bundle in Resources */ = {isa = PBXBuildFile; fileRef = 7AC71C161C59DCB50019F8C3 /* TencentOpenApi_IOS_Bundle.bundle */; };
		7AC71C411C59DCB50019F8C3 /* RennSDK.bundle in Resources */ = {isa = PBXBuildFile; fileRef = 7AC71C181C59DCB50019F8C3 /* RennSDK.bundle */; };
		7AC71C421C59DCB50019F8C3 /* RennSDK.framework in Frameworks */ = {isa = PBXBuildFile; fileRef = 7AC71C191C59DCB50019F8C3 /* RennSDK.framework */; };
		7AC71C431C59DCB50019F8C3 /* libWeiboSDK.a in Frameworks */ = {isa = PBXBuildFile; fileRef = 7AC71C1B1C59DCB50019F8C3 /* libWeiboSDK.a */; };
		7AC71C441C59DCB50019F8C3 /* WeiboSDK.bundle in Resources */ = {isa = PBXBuildFile; fileRef = 7AC71C251C59DCB50019F8C3 /* WeiboSDK.bundle */; };
		7AC71C451C59DCB50019F8C3 /* libWeChatSDK.a in Frameworks */ = {isa = PBXBuildFile; fileRef = 7AC71C291C59DCB50019F8C3 /* libWeChatSDK.a */; };
		7AC71C461C59DCB50019F8C3 /* read_me.txt in Resources */ = {isa = PBXBuildFile; fileRef = 7AC71C2A1C59DCB50019F8C3 /* read_me.txt */; };
		7AC71C471C59DCB50019F8C3 /* libYixinSDK.a in Frameworks */ = {isa = PBXBuildFile; fileRef = 7AC71C2F1C59DCB50019F8C3 /* libYixinSDK.a */; };
		7AC71C481C59DCB50019F8C3 /* MOBFoundation.framework in Frameworks */ = {isa = PBXBuildFile; fileRef = 7AC71C331C59DCB50019F8C3 /* MOBFoundation.framework */; };
		7AC71C491C59DCB50019F8C3 /* ShareSDK.bundle in Resources */ = {isa = PBXBuildFile; fileRef = 7AC71C341C59DCB50019F8C3 /* ShareSDK.bundle */; };
		7AC71C4A1C59DCB50019F8C3 /* ShareSDKConnector.framework in Frameworks */ = {isa = PBXBuildFile; fileRef = 7AC71C351C59DCB50019F8C3 /* ShareSDKConnector.framework */; };
		7AC71C4C1C59DD6A0019F8C3 /* SystemConfiguration.framework in Frameworks */ = {isa = PBXBuildFile; fileRef = 7AC71C4B1C59DD6A0019F8C3 /* SystemConfiguration.framework */; };
		7AC71C4E1C59DD760019F8C3 /* QuartzCore.framework in Frameworks */ = {isa = PBXBuildFile; fileRef = 7AC71C4D1C59DD760019F8C3 /* QuartzCore.framework */; };
		7AC71C501C59DD820019F8C3 /* CoreTelephony.framework in Frameworks */ = {isa = PBXBuildFile; fileRef = 7AC71C4F1C59DD820019F8C3 /* CoreTelephony.framework */; };
		7AC71C521C59DD930019F8C3 /* libicucore.tbd in Frameworks */ = {isa = PBXBuildFile; fileRef = 7AC71C511C59DD930019F8C3 /* libicucore.tbd */; };
		7AC71C541C59DD9F0019F8C3 /* libz.1.2.5.tbd in Frameworks */ = {isa = PBXBuildFile; fileRef = 7AC71C531C59DD9F0019F8C3 /* libz.1.2.5.tbd */; };
		7AC71C561C59DDAB0019F8C3 /* Security.framework in Frameworks */ = {isa = PBXBuildFile; fileRef = 7AC71C551C59DDAB0019F8C3 /* Security.framework */; };
		7AC71C581C59DDBC0019F8C3 /* MessageUI.framework in Frameworks */ = {isa = PBXBuildFile; fileRef = 7AC71C571C59DDBC0019F8C3 /* MessageUI.framework */; };
		7AC71C5A1C59DFB70019F8C3 /* libsqlite3.tbd in Frameworks */ = {isa = PBXBuildFile; fileRef = 7AC71C591C59DFB70019F8C3 /* libsqlite3.tbd */; };
		7AC71C5C1C59DFC10019F8C3 /* ImageIO.framework in Frameworks */ = {isa = PBXBuildFile; fileRef = 7AC71C5B1C59DFC10019F8C3 /* ImageIO.framework */; };
		7AC71C5E1C59DFCC0019F8C3 /* AdSupport.framework in Frameworks */ = {isa = PBXBuildFile; fileRef = 7AC71C5D1C59DFCC0019F8C3 /* AdSupport.framework */; };
		7AC71C601C59E7370019F8C3 /* libc++.tbd in Frameworks */ = {isa = PBXBuildFile; fileRef = 7AC71C5F1C59E7370019F8C3 /* libc++.tbd */; };
		7AC71C631C59EFB40019F8C3 /* ShareView.m in Sources */ = {isa = PBXBuildFile; fileRef = 7AC71C621C59EFB40019F8C3 /* ShareView.m */; };
		7ADC292F1C51DE3A00A91F23 /* DetailsViewController.m in Sources */ = {isa = PBXBuildFile; fileRef = 7ADC292E1C51DE3A00A91F23 /* DetailsViewController.m */; };
		7ADC29311C52113900A91F23 /* DetailsList.plist in Resources */ = {isa = PBXBuildFile; fileRef = 7ADC29301C52113900A91F23 /* DetailsList.plist */; };
		7ADC29341C52139500A91F23 /* HWTools.m in Sources */ = {isa = PBXBuildFile; fileRef = 7ADC29331C52139500A91F23 /* HWTools.m */; };
		7ADD23AD1C63456000239382 /* more.storyboard in Resources */ = {isa = PBXBuildFile; fileRef = 7ADD23AC1C63456000239382 /* more.storyboard */; };
		7AE6B6511C647A88006E37AC /* SMS_SDKLocalizable.strings in Resources */ = {isa = PBXBuildFile; fileRef = 7AE6B64C1C647A88006E37AC /* SMS_SDKLocalizable.strings */; };
		7AE6B6521C647A88006E37AC /* MOBFoundation.framework in Frameworks */ = {isa = PBXBuildFile; fileRef = 7AE6B64E1C647A88006E37AC /* MOBFoundation.framework */; };
		7AE6B6531C647A88006E37AC /* SMS_SDK.framework in Frameworks */ = {isa = PBXBuildFile; fileRef = 7AE6B64F1C647A88006E37AC /* SMS_SDK.framework */; };
		7AE6B6551C647AD7006E37AC /* libz.tbd in Frameworks */ = {isa = PBXBuildFile; fileRef = 7AE6B6541C647AD7006E37AC /* libz.tbd */; };
		7AE6B6571C647AF5006E37AC /* JavaScriptCore.framework in Frameworks */ = {isa = PBXBuildFile; fileRef = 7AE6B6561C647AF5006E37AC /* JavaScriptCore.framework */; };
		7AE6B6591C647B03006E37AC /* libstdc++.tbd in Frameworks */ = {isa = PBXBuildFile; fileRef = 7AE6B6581C647B03006E37AC /* libstdc++.tbd */; };
		7AE6B65C1C647B15006E37AC /* AddressBook.framework in Frameworks */ = {isa = PBXBuildFile; fileRef = 7AE6B65A1C647B15006E37AC /* AddressBook.framework */; };
		7AE6B65D1C647B15006E37AC /* AddressBookUI.framework in Frameworks */ = {isa = PBXBuildFile; fileRef = 7AE6B65B1C647B15006E37AC /* AddressBookUI.framework */; };
		7AE6B6601C648557006E37AC /* ForgetCodeViewController.m in Sources */ = {isa = PBXBuildFile; fileRef = 7AE6B65F1C648557006E37AC /* ForgetCodeViewController.m */; };
		7AE6B6621C64905F006E37AC /* BmobSDK.framework in Frameworks */ = {isa = PBXBuildFile; fileRef = 7AE6B6611C64905F006E37AC /* BmobSDK.framework */; };
		7AE6B6641C6490C3006E37AC /* CoreLocation.framework in Frameworks */ = {isa = PBXBuildFile; fileRef = 7AE6B6631C6490C3006E37AC /* CoreLocation.framework */; };
		7AE6B6661C649102006E37AC /* CoreGraphics.framework in Frameworks */ = {isa = PBXBuildFile; fileRef = 7AE6B6651C649102006E37AC /* CoreGraphics.framework */; };
		7AE6B6681C64912A006E37AC /* MobileCoreServices.framework in Frameworks */ = {isa = PBXBuildFile; fileRef = 7AE6B6671C64912A006E37AC /* MobileCoreServices.framework */; };
		7AE6B66A1C64913B006E37AC /* CFNetwork.framework in Frameworks */ = {isa = PBXBuildFile; fileRef = 7AE6B6691C64913B006E37AC /* CFNetwork.framework */; };
		7AE6B66C1C64917D006E37AC /* AVFoundation.framework in Frameworks */ = {isa = PBXBuildFile; fileRef = 7AE6B66B1C64917D006E37AC /* AVFoundation.framework */; };
		7AE6B66E1C649185006E37AC /* MediaPlayer.framework in Frameworks */ = {isa = PBXBuildFile; fileRef = 7AE6B66D1C649185006E37AC /* MediaPlayer.framework */; };
		7AE6B6711C649FC4006E37AC /* InfomationViewController.m in Sources */ = {isa = PBXBuildFile; fileRef = 7AE6B6701C649FC4006E37AC /* InfomationViewController.m */; };
		7AF16D6D1C8948B700F5E510 /* AnotherTableViewCell.m in Sources */ = {isa = PBXBuildFile; fileRef = 7AF16D6C1C8948B700F5E510 /* AnotherTableViewCell.m */; };
		7AF50D6B1C57280D0060D662 /* DetailsTableViewCell.m in Sources */ = {isa = PBXBuildFile; fileRef = 7AF50D691C57280D0060D662 /* DetailsTableViewCell.m */; };
		7AF50D6C1C57280D0060D662 /* DetailsTableViewCell.xib in Resources */ = {isa = PBXBuildFile; fileRef = 7AF50D6A1C57280D0060D662 /* DetailsTableViewCell.xib */; };
		7AF50D6F1C5729760060D662 /* DetailsModel.m in Sources */ = {isa = PBXBuildFile; fileRef = 7AF50D6E1C5729760060D662 /* DetailsModel.m */; };
		7AF729611C8F0E3F008B6F3B /* Images.xcassets in Resources */ = {isa = PBXBuildFile; fileRef = 7AF729601C8F0E3F008B6F3B /* Images.xcassets */; };
/* End PBXBuildFile section */

/* Begin PBXFileReference section */
		044C10776D29CF0D4096257D /* libPods.a */ = {isa = PBXFileReference; explicitFileType = archive.ar; includeInIndex = 0; path = libPods.a; sourceTree = BUILT_PRODUCTS_DIR; };
		41514CB55E27F6DFAEAEC4DB /* Pods.release.xcconfig */ = {isa = PBXFileReference; includeInIndex = 1; lastKnownFileType = text.xcconfig; name = Pods.release.xcconfig; path = "Pods/Target Support Files/Pods/Pods.release.xcconfig"; sourceTree = "<group>"; };
		7A067B451C4F7A2D009ADB8D /* blueArrow.png */ = {isa = PBXFileReference; lastKnownFileType = image.png; path = blueArrow.png; sourceTree = "<group>"; };
		7A067B461C4F7A2D009ADB8D /* blueArrowDown.png */ = {isa = PBXFileReference; lastKnownFileType = image.png; path = blueArrowDown.png; sourceTree = "<group>"; };
		7A067B471C4F7A2D009ADB8D /* PullingRefreshTableView.h */ = {isa = PBXFileReference; fileEncoding = 4; lastKnownFileType = sourcecode.c.h; path = PullingRefreshTableView.h; sourceTree = "<group>"; };
		7A067B481C4F7A2D009ADB8D /* PullingRefreshTableView.m */ = {isa = PBXFileReference; fileEncoding = 4; lastKnownFileType = sourcecode.c.objc; path = PullingRefreshTableView.m; sourceTree = "<group>"; };
		7A067B4D1C4F7A95009ADB8D /* ProgressHUD.bundle */ = {isa = PBXFileReference; lastKnownFileType = "wrapper.plug-in"; path = ProgressHUD.bundle; sourceTree = "<group>"; };
		7A067B4E1C4F7A95009ADB8D /* ProgressHUD.h */ = {isa = PBXFileReference; fileEncoding = 4; lastKnownFileType = sourcecode.c.h; path = ProgressHUD.h; sourceTree = "<group>"; };
		7A067B4F1C4F7A95009ADB8D /* ProgressHUD.m */ = {isa = PBXFileReference; fileEncoding = 4; lastKnownFileType = sourcecode.c.objc; path = ProgressHUD.m; sourceTree = "<group>"; };
		7A067B521C4F7F83009ADB8D /* ListTableViewCell.h */ = {isa = PBXFileReference; fileEncoding = 4; lastKnownFileType = sourcecode.c.h; path = ListTableViewCell.h; sourceTree = "<group>"; };
		7A067B531C4F7F83009ADB8D /* ListTableViewCell.m */ = {isa = PBXFileReference; fileEncoding = 4; lastKnownFileType = sourcecode.c.objc; path = ListTableViewCell.m; sourceTree = "<group>"; };
		7A067B541C4F7F83009ADB8D /* ListTableViewCell.xib */ = {isa = PBXFileReference; fileEncoding = 4; lastKnownFileType = file.xib; path = ListTableViewCell.xib; sourceTree = "<group>"; };
		7A067B571C4F7FA0009ADB8D /* ListModel.h */ = {isa = PBXFileReference; fileEncoding = 4; lastKnownFileType = sourcecode.c.h; path = ListModel.h; sourceTree = "<group>"; };
		7A067B581C4F7FA0009ADB8D /* ListModel.m */ = {isa = PBXFileReference; fileEncoding = 4; lastKnownFileType = sourcecode.c.objc; path = ListModel.m; sourceTree = "<group>"; };
		7A23646D1C4E1AD1005A0A3F /* FindTableViewCell.h */ = {isa = PBXFileReference; fileEncoding = 4; lastKnownFileType = sourcecode.c.h; path = FindTableViewCell.h; sourceTree = "<group>"; };
		7A23646E1C4E1AD1005A0A3F /* FindTableViewCell.m */ = {isa = PBXFileReference; fileEncoding = 4; lastKnownFileType = sourcecode.c.objc; path = FindTableViewCell.m; sourceTree = "<group>"; };
		7A23646F1C4E1AD1005A0A3F /* FindTableViewCell.xib */ = {isa = PBXFileReference; fileEncoding = 4; lastKnownFileType = file.xib; path = FindTableViewCell.xib; sourceTree = "<group>"; };
		7A2364721C4E1E95005A0A3F /* FindModel.h */ = {isa = PBXFileReference; fileEncoding = 4; lastKnownFileType = sourcecode.c.h; path = FindModel.h; sourceTree = "<group>"; };
		7A2364731C4E1E95005A0A3F /* FindModel.m */ = {isa = PBXFileReference; fileEncoding = 4; lastKnownFileType = sourcecode.c.objc; path = FindModel.m; sourceTree = "<group>"; };
		7A2364751C4E23C7005A0A3F /* Property List.plist */ = {isa = PBXFileReference; fileEncoding = 4; lastKnownFileType = text.plist.xml; path = "Property List.plist"; sourceTree = "<group>"; };
		7A2364771C4E2CBA005A0A3F /* ListViewController.h */ = {isa = PBXFileReference; fileEncoding = 4; lastKnownFileType = sourcecode.c.h; path = ListViewController.h; sourceTree = "<group>"; };
		7A2364781C4E2CBA005A0A3F /* ListViewController.m */ = {isa = PBXFileReference; fileEncoding = 4; lastKnownFileType = sourcecode.c.objc; path = ListViewController.m; sourceTree = "<group>"; };
		7A23647D1C4E32F3005A0A3F /* UIViewController+Common.h */ = {isa = PBXFileReference; fileEncoding = 4; lastKnownFileType = sourcecode.c.h; path = "UIViewController+Common.h"; sourceTree = "<group>"; };
		7A23647E1C4E32F3005A0A3F /* UIViewController+Common.m */ = {isa = PBXFileReference; fileEncoding = 4; lastKnownFileType = sourcecode.c.objc; path = "UIViewController+Common.m"; sourceTree = "<group>"; };
		7A3B68101C507B9300508DB8 /* FavoriteTableViewCell.h */ = {isa = PBXFileReference; fileEncoding = 4; lastKnownFileType = sourcecode.c.h; path = FavoriteTableViewCell.h; sourceTree = "<group>"; };
		7A3B68111C507B9300508DB8 /* FavoriteTableViewCell.m */ = {isa = PBXFileReference; fileEncoding = 4; lastKnownFileType = sourcecode.c.objc; path = FavoriteTableViewCell.m; sourceTree = "<group>"; };
		7A3B68121C507B9300508DB8 /* FavoriteTableViewCell.xib */ = {isa = PBXFileReference; fileEncoding = 4; lastKnownFileType = file.xib; path = FavoriteTableViewCell.xib; sourceTree = "<group>"; };
		7A3B68181C5087E800508DB8 /* Favorite.plist */ = {isa = PBXFileReference; fileEncoding = 4; lastKnownFileType = text.plist.xml; path = Favorite.plist; sourceTree = "<group>"; };
		7A4060791C606A6300956EC6 /* ZhuceViewController.h */ = {isa = PBXFileReference; fileEncoding = 4; lastKnownFileType = sourcecode.c.h; path = ZhuceViewController.h; sourceTree = "<group>"; };
		7A40607A1C606A6300956EC6 /* ZhuceViewController.m */ = {isa = PBXFileReference; fileEncoding = 4; lastKnownFileType = sourcecode.c.objc; path = ZhuceViewController.m; sourceTree = "<group>"; };
		7A6B97F61C4CE96800885D9D /* find.storyboard */ = {isa = PBXFileReference; fileEncoding = 4; lastKnownFileType = file.storyboard; path = find.storyboard; sourceTree = "<group>"; };
		7A6B97F81C4CE98800885D9D /* favorite.storyboard */ = {isa = PBXFileReference; fileEncoding = 4; lastKnownFileType = file.storyboard; path = favorite.storyboard; sourceTree = "<group>"; };
		7A76D6AC1C5885FC0023ECF2 /* RecomendList.plist */ = {isa = PBXFileReference; fileEncoding = 4; lastKnownFileType = text.plist.xml; path = RecomendList.plist; sourceTree = "<group>"; };
		7A827CAC1C4C9EC30076C419 /* LoveFood.app */ = {isa = PBXFileReference; explicitFileType = wrapper.application; includeInIndex = 0; path = LoveFood.app; sourceTree = BUILT_PRODUCTS_DIR; };
		7A827CB01C4C9EC30076C419 /* main.m */ = {isa = PBXFileReference; lastKnownFileType = sourcecode.c.objc; path = main.m; sourceTree = "<group>"; };
		7A827CB21C4C9EC30076C419 /* AppDelegate.h */ = {isa = PBXFileReference; lastKnownFileType = sourcecode.c.h; path = AppDelegate.h; sourceTree = "<group>"; };
		7A827CB31C4C9EC30076C419 /* AppDelegate.m */ = {isa = PBXFileReference; lastKnownFileType = sourcecode.c.objc; path = AppDelegate.m; sourceTree = "<group>"; };
		7A827CB51C4C9EC30076C419 /* Assets.xcassets */ = {isa = PBXFileReference; lastKnownFileType = folder.assetcatalog; path = Assets.xcassets; sourceTree = "<group>"; };
		7A827CB81C4C9EC30076C419 /* Base */ = {isa = PBXFileReference; lastKnownFileType = file.storyboard; name = Base; path = Base.lproj/LaunchScreen.storyboard; sourceTree = "<group>"; };
		7A827CBA1C4C9EC30076C419 /* Info.plist */ = {isa = PBXFileReference; lastKnownFileType = text.plist.xml; path = Info.plist; sourceTree = "<group>"; };
		7A827CD61C4CAB5F0076C419 /* LoveFood.pch */ = {isa = PBXFileReference; lastKnownFileType = sourcecode.c.h; name = LoveFood.pch; path = ../LoveFood.pch; sourceTree = "<group>"; };
		7A827CE01C4CACDE0076C419 /* FavoriteViewController.h */ = {isa = PBXFileReference; fileEncoding = 4; lastKnownFileType = sourcecode.c.h; path = FavoriteViewController.h; sourceTree = "<group>"; };
		7A827CE11C4CACDE0076C419 /* FavoriteViewController.m */ = {isa = PBXFileReference; fileEncoding = 4; lastKnownFileType = sourcecode.c.objc; path = FavoriteViewController.m; sourceTree = "<group>"; };
		7A827CE61C4CACDE0076C419 /* FindViewController.h */ = {isa = PBXFileReference; fileEncoding = 4; lastKnownFileType = sourcecode.c.h; path = FindViewController.h; sourceTree = "<group>"; };
		7A827CE71C4CACDE0076C419 /* FindViewController.m */ = {isa = PBXFileReference; fileEncoding = 4; lastKnownFileType = sourcecode.c.objc; path = FindViewController.m; sourceTree = "<group>"; };
		7A827CEC1C4CACDE0076C419 /* MoreViewController.h */ = {isa = PBXFileReference; fileEncoding = 4; lastKnownFileType = sourcecode.c.h; path = MoreViewController.h; sourceTree = "<group>"; };
		7A827CED1C4CACDE0076C419 /* MoreViewController.m */ = {isa = PBXFileReference; fileEncoding = 4; lastKnownFileType = sourcecode.c.objc; path = MoreViewController.m; sourceTree = "<group>"; };
		7A827CF41C4CAD480076C419 /* Header.h */ = {isa = PBXFileReference; lastKnownFileType = sourcecode.c.h; path = Header.h; sourceTree = "<group>"; };
		7A8F18EA1C8BE648005A11EB /* CollectViewController.h */ = {isa = PBXFileReference; fileEncoding = 4; lastKnownFileType = sourcecode.c.h; path = CollectViewController.h; sourceTree = "<group>"; };
		7A8F18EB1C8BE648005A11EB /* CollectViewController.m */ = {isa = PBXFileReference; fileEncoding = 4; lastKnownFileType = sourcecode.c.objc; path = CollectViewController.m; sourceTree = "<group>"; };
		7A8F18ED1C8BFD99005A11EB /* DataBaseManager.h */ = {isa = PBXFileReference; fileEncoding = 4; lastKnownFileType = sourcecode.c.h; name = DataBaseManager.h; path = LoveFood/Classes/More/controllers/DataBaseManager.h; sourceTree = SOURCE_ROOT; };
		7A8F18EE1C8BFD99005A11EB /* DataBaseManager.m */ = {isa = PBXFileReference; fileEncoding = 4; lastKnownFileType = sourcecode.c.objc; name = DataBaseManager.m; path = LoveFood/Classes/More/controllers/DataBaseManager.m; sourceTree = SOURCE_ROOT; };
		7A8F18F01C8C055B005A11EB /* Collect.h */ = {isa = PBXFileReference; fileEncoding = 4; lastKnownFileType = sourcecode.c.h; name = Collect.h; path = LoveFood/Classes/More/controllers/Collect.h; sourceTree = SOURCE_ROOT; };
		7A8F18F11C8C055B005A11EB /* Collect.m */ = {isa = PBXFileReference; fileEncoding = 4; lastKnownFileType = sourcecode.c.objc; name = Collect.m; path = LoveFood/Classes/More/controllers/Collect.m; sourceTree = SOURCE_ROOT; };
		7AC71C031C59DCB50019F8C3 /* ShareSDK.framework */ = {isa = PBXFileReference; lastKnownFileType = wrapper.framework; path = ShareSDK.framework; sourceTree = "<group>"; };
		7AC71C061C59DCB50019F8C3 /* ShareSDKExtension.framework */ = {isa = PBXFileReference; lastKnownFileType = wrapper.framework; path = ShareSDKExtension.framework; sourceTree = "<group>"; };
		7AC71C071C59DCB50019F8C3 /* ShareSDKInterfaceAdapter.framework */ = {isa = PBXFileReference; lastKnownFileType = wrapper.framework; path = ShareSDKInterfaceAdapter.framework; sourceTree = "<group>"; };
		7AC71C081C59DCB50019F8C3 /* ShareSDKUI.bundle */ = {isa = PBXFileReference; lastKnownFileType = "wrapper.plug-in"; path = ShareSDKUI.bundle; sourceTree = "<group>"; };
		7AC71C091C59DCB50019F8C3 /* ShareSDKUI.framework */ = {isa = PBXFileReference; lastKnownFileType = wrapper.framework; path = ShareSDKUI.framework; sourceTree = "<group>"; };
		7AC71C0C1C59DCB50019F8C3 /* APOpenAPI.h */ = {isa = PBXFileReference; fileEncoding = 4; lastKnownFileType = sourcecode.c.h; path = APOpenAPI.h; sourceTree = "<group>"; };
		7AC71C0D1C59DCB50019F8C3 /* APOpenAPIObject.h */ = {isa = PBXFileReference; fileEncoding = 4; lastKnownFileType = sourcecode.c.h; path = APOpenAPIObject.h; sourceTree = "<group>"; };
		7AC71C0E1C59DCB50019F8C3 /* libAPOpenSdk.a */ = {isa = PBXFileReference; lastKnownFileType = archive.ar; path = libAPOpenSdk.a; sourceTree = "<group>"; };
		7AC71C0F1C59DCB50019F8C3 /* README.md */ = {isa = PBXFileReference; fileEncoding = 4; lastKnownFileType = net.daringfireball.markdown; path = README.md; sourceTree = "<group>"; };
		7AC71C111C59DCB50019F8C3 /* FBSDKMessengerShareKit.framework */ = {isa = PBXFileReference; lastKnownFileType = wrapper.framework; path = FBSDKMessengerShareKit.framework; sourceTree = "<group>"; };
		7AC71C131C59DCB50019F8C3 /* KakaoOpenSDK.framework */ = {isa = PBXFileReference; lastKnownFileType = wrapper.framework; path = KakaoOpenSDK.framework; sourceTree = "<group>"; };
		7AC71C151C59DCB50019F8C3 /* TencentOpenAPI.framework */ = {isa = PBXFileReference; lastKnownFileType = wrapper.framework; path = TencentOpenAPI.framework; sourceTree = "<group>"; };
		7AC71C161C59DCB50019F8C3 /* TencentOpenApi_IOS_Bundle.bundle */ = {isa = PBXFileReference; lastKnownFileType = "wrapper.plug-in"; path = TencentOpenApi_IOS_Bundle.bundle; sourceTree = "<group>"; };
		7AC71C181C59DCB50019F8C3 /* RennSDK.bundle */ = {isa = PBXFileReference; lastKnownFileType = "wrapper.plug-in"; path = RennSDK.bundle; sourceTree = "<group>"; };
		7AC71C191C59DCB50019F8C3 /* RennSDK.framework */ = {isa = PBXFileReference; lastKnownFileType = wrapper.framework; path = RennSDK.framework; sourceTree = "<group>"; };
		7AC71C1B1C59DCB50019F8C3 /* libWeiboSDK.a */ = {isa = PBXFileReference; lastKnownFileType = archive.ar; path = libWeiboSDK.a; sourceTree = "<group>"; };
		7AC71C1C1C59DCB50019F8C3 /* WBHttpRequest+WeiboGame.h */ = {isa = PBXFileReference; fileEncoding = 4; lastKnownFileType = sourcecode.c.h; path = "WBHttpRequest+WeiboGame.h"; sourceTree = "<group>"; };
		7AC71C1D1C59DCB50019F8C3 /* WBHttpRequest+WeiboShare.h */ = {isa = PBXFileReference; fileEncoding = 4; lastKnownFileType = sourcecode.c.h; path = "WBHttpRequest+WeiboShare.h"; sourceTree = "<group>"; };
		7AC71C1E1C59DCB50019F8C3 /* WBHttpRequest+WeiboToken.h */ = {isa = PBXFileReference; fileEncoding = 4; lastKnownFileType = sourcecode.c.h; path = "WBHttpRequest+WeiboToken.h"; sourceTree = "<group>"; };
		7AC71C1F1C59DCB50019F8C3 /* WBHttpRequest+WeiboUser.h */ = {isa = PBXFileReference; fileEncoding = 4; lastKnownFileType = sourcecode.c.h; path = "WBHttpRequest+WeiboUser.h"; sourceTree = "<group>"; };
		7AC71C201C59DCB50019F8C3 /* WBHttpRequest.h */ = {isa = PBXFileReference; fileEncoding = 4; lastKnownFileType = sourcecode.c.h; path = WBHttpRequest.h; sourceTree = "<group>"; };
		7AC71C211C59DCB50019F8C3 /* WBSDKBasicButton.h */ = {isa = PBXFileReference; fileEncoding = 4; lastKnownFileType = sourcecode.c.h; path = WBSDKBasicButton.h; sourceTree = "<group>"; };
		7AC71C221C59DCB50019F8C3 /* WBSDKCommentButton.h */ = {isa = PBXFileReference; fileEncoding = 4; lastKnownFileType = sourcecode.c.h; path = WBSDKCommentButton.h; sourceTree = "<group>"; };
		7AC71C231C59DCB50019F8C3 /* WBSDKRelationshipButton.h */ = {isa = PBXFileReference; fileEncoding = 4; lastKnownFileType = sourcecode.c.h; path = WBSDKRelationshipButton.h; sourceTree = "<group>"; };
		7AC71C241C59DCB50019F8C3 /* WeiboSDK+Statistics.h */ = {isa = PBXFileReference; fileEncoding = 4; lastKnownFileType = sourcecode.c.h; path = "WeiboSDK+Statistics.h"; sourceTree = "<group>"; };
		7AC71C251C59DCB50019F8C3 /* WeiboSDK.bundle */ = {isa = PBXFileReference; lastKnownFileType = "wrapper.plug-in"; path = WeiboSDK.bundle; sourceTree = "<group>"; };
		7AC71C261C59DCB50019F8C3 /* WeiboSDK.h */ = {isa = PBXFileReference; fileEncoding = 4; lastKnownFileType = sourcecode.c.h; path = WeiboSDK.h; sourceTree = "<group>"; };
		7AC71C271C59DCB50019F8C3 /* WeiboUser.h */ = {isa = PBXFileReference; fileEncoding = 4; lastKnownFileType = sourcecode.c.h; path = WeiboUser.h; sourceTree = "<group>"; };
		7AC71C291C59DCB50019F8C3 /* libWeChatSDK.a */ = {isa = PBXFileReference; lastKnownFileType = archive.ar; path = libWeChatSDK.a; sourceTree = "<group>"; };
		7AC71C2A1C59DCB50019F8C3 /* read_me.txt */ = {isa = PBXFileReference; fileEncoding = 4; lastKnownFileType = text; path = read_me.txt; sourceTree = "<group>"; };
		7AC71C2B1C59DCB50019F8C3 /* WechatAuthSDK.h */ = {isa = PBXFileReference; fileEncoding = 4; lastKnownFileType = sourcecode.c.h; path = WechatAuthSDK.h; sourceTree = "<group>"; };
		7AC71C2C1C59DCB50019F8C3 /* WXApi.h */ = {isa = PBXFileReference; fileEncoding = 4; lastKnownFileType = sourcecode.c.h; path = WXApi.h; sourceTree = "<group>"; };
		7AC71C2D1C59DCB50019F8C3 /* WXApiObject.h */ = {isa = PBXFileReference; fileEncoding = 4; lastKnownFileType = sourcecode.c.h; path = WXApiObject.h; sourceTree = "<group>"; };
		7AC71C2F1C59DCB50019F8C3 /* libYixinSDK.a */ = {isa = PBXFileReference; lastKnownFileType = archive.ar; path = libYixinSDK.a; sourceTree = "<group>"; };
		7AC71C301C59DCB50019F8C3 /* YXApi.h */ = {isa = PBXFileReference; fileEncoding = 4; lastKnownFileType = sourcecode.c.h; path = YXApi.h; sourceTree = "<group>"; };
		7AC71C311C59DCB50019F8C3 /* YXApiObject.h */ = {isa = PBXFileReference; fileEncoding = 4; lastKnownFileType = sourcecode.c.h; path = YXApiObject.h; sourceTree = "<group>"; };
		7AC71C331C59DCB50019F8C3 /* MOBFoundation.framework */ = {isa = PBXFileReference; lastKnownFileType = wrapper.framework; path = MOBFoundation.framework; sourceTree = "<group>"; };
		7AC71C341C59DCB50019F8C3 /* ShareSDK.bundle */ = {isa = PBXFileReference; lastKnownFileType = "wrapper.plug-in"; path = ShareSDK.bundle; sourceTree = "<group>"; };
		7AC71C351C59DCB50019F8C3 /* ShareSDKConnector.framework */ = {isa = PBXFileReference; lastKnownFileType = wrapper.framework; path = ShareSDKConnector.framework; sourceTree = "<group>"; };
		7AC71C4B1C59DD6A0019F8C3 /* SystemConfiguration.framework */ = {isa = PBXFileReference; lastKnownFileType = wrapper.framework; name = SystemConfiguration.framework; path = System/Library/Frameworks/SystemConfiguration.framework; sourceTree = SDKROOT; };
		7AC71C4D1C59DD760019F8C3 /* QuartzCore.framework */ = {isa = PBXFileReference; lastKnownFileType = wrapper.framework; name = QuartzCore.framework; path = System/Library/Frameworks/QuartzCore.framework; sourceTree = SDKROOT; };
		7AC71C4F1C59DD820019F8C3 /* CoreTelephony.framework */ = {isa = PBXFileReference; lastKnownFileType = wrapper.framework; name = CoreTelephony.framework; path = System/Library/Frameworks/CoreTelephony.framework; sourceTree = SDKROOT; };
		7AC71C511C59DD930019F8C3 /* libicucore.tbd */ = {isa = PBXFileReference; lastKnownFileType = "sourcecode.text-based-dylib-definition"; name = libicucore.tbd; path = usr/lib/libicucore.tbd; sourceTree = SDKROOT; };
		7AC71C531C59DD9F0019F8C3 /* libz.1.2.5.tbd */ = {isa = PBXFileReference; lastKnownFileType = "sourcecode.text-based-dylib-definition"; name = libz.1.2.5.tbd; path = usr/lib/libz.1.2.5.tbd; sourceTree = SDKROOT; };
		7AC71C551C59DDAB0019F8C3 /* Security.framework */ = {isa = PBXFileReference; lastKnownFileType = wrapper.framework; name = Security.framework; path = System/Library/Frameworks/Security.framework; sourceTree = SDKROOT; };
		7AC71C571C59DDBC0019F8C3 /* MessageUI.framework */ = {isa = PBXFileReference; lastKnownFileType = wrapper.framework; name = MessageUI.framework; path = System/Library/Frameworks/MessageUI.framework; sourceTree = SDKROOT; };
		7AC71C591C59DFB70019F8C3 /* libsqlite3.tbd */ = {isa = PBXFileReference; lastKnownFileType = "sourcecode.text-based-dylib-definition"; name = libsqlite3.tbd; path = usr/lib/libsqlite3.tbd; sourceTree = SDKROOT; };
		7AC71C5B1C59DFC10019F8C3 /* ImageIO.framework */ = {isa = PBXFileReference; lastKnownFileType = wrapper.framework; name = ImageIO.framework; path = System/Library/Frameworks/ImageIO.framework; sourceTree = SDKROOT; };
		7AC71C5D1C59DFCC0019F8C3 /* AdSupport.framework */ = {isa = PBXFileReference; lastKnownFileType = wrapper.framework; name = AdSupport.framework; path = System/Library/Frameworks/AdSupport.framework; sourceTree = SDKROOT; };
		7AC71C5F1C59E7370019F8C3 /* libc++.tbd */ = {isa = PBXFileReference; lastKnownFileType = "sourcecode.text-based-dylib-definition"; name = "libc++.tbd"; path = "usr/lib/libc++.tbd"; sourceTree = SDKROOT; };
		7AC71C611C59EFB40019F8C3 /* ShareView.h */ = {isa = PBXFileReference; fileEncoding = 4; lastKnownFileType = sourcecode.c.h; path = ShareView.h; sourceTree = "<group>"; };
		7AC71C621C59EFB40019F8C3 /* ShareView.m */ = {isa = PBXFileReference; fileEncoding = 4; lastKnownFileType = sourcecode.c.objc; path = ShareView.m; sourceTree = "<group>"; };
		7ADC292D1C51DE3A00A91F23 /* DetailsViewController.h */ = {isa = PBXFileReference; fileEncoding = 4; lastKnownFileType = sourcecode.c.h; path = DetailsViewController.h; sourceTree = "<group>"; };
		7ADC292E1C51DE3A00A91F23 /* DetailsViewController.m */ = {isa = PBXFileReference; fileEncoding = 4; lastKnownFileType = sourcecode.c.objc; path = DetailsViewController.m; sourceTree = "<group>"; };
		7ADC29301C52113900A91F23 /* DetailsList.plist */ = {isa = PBXFileReference; fileEncoding = 4; lastKnownFileType = text.plist.xml; path = DetailsList.plist; sourceTree = "<group>"; };
		7ADC29321C52139500A91F23 /* HWTools.h */ = {isa = PBXFileReference; fileEncoding = 4; lastKnownFileType = sourcecode.c.h; path = HWTools.h; sourceTree = "<group>"; };
		7ADC29331C52139500A91F23 /* HWTools.m */ = {isa = PBXFileReference; fileEncoding = 4; lastKnownFileType = sourcecode.c.objc; path = HWTools.m; sourceTree = "<group>"; };
		7ADD23AC1C63456000239382 /* more.storyboard */ = {isa = PBXFileReference; fileEncoding = 4; lastKnownFileType = file.storyboard; path = more.storyboard; sourceTree = "<group>"; };
		7AE6B64D1C647A88006E37AC /* en */ = {isa = PBXFileReference; lastKnownFileType = text.plist.strings; name = en; path = en.lproj/SMS_SDKLocalizable.strings; sourceTree = "<group>"; };
		7AE6B64E1C647A88006E37AC /* MOBFoundation.framework */ = {isa = PBXFileReference; lastKnownFileType = wrapper.framework; path = MOBFoundation.framework; sourceTree = "<group>"; };
		7AE6B64F1C647A88006E37AC /* SMS_SDK.framework */ = {isa = PBXFileReference; lastKnownFileType = wrapper.framework; path = SMS_SDK.framework; sourceTree = "<group>"; };
		7AE6B6501C647A88006E37AC /* zh-Hans */ = {isa = PBXFileReference; lastKnownFileType = text.plist.strings; name = "zh-Hans"; path = "zh-Hans.lproj/SMS_SDKLocalizable.strings"; sourceTree = "<group>"; };
		7AE6B6541C647AD7006E37AC /* libz.tbd */ = {isa = PBXFileReference; lastKnownFileType = "sourcecode.text-based-dylib-definition"; name = libz.tbd; path = usr/lib/libz.tbd; sourceTree = SDKROOT; };
		7AE6B6561C647AF5006E37AC /* JavaScriptCore.framework */ = {isa = PBXFileReference; lastKnownFileType = wrapper.framework; name = JavaScriptCore.framework; path = System/Library/Frameworks/JavaScriptCore.framework; sourceTree = SDKROOT; };
		7AE6B6581C647B03006E37AC /* libstdc++.tbd */ = {isa = PBXFileReference; lastKnownFileType = "sourcecode.text-based-dylib-definition"; name = "libstdc++.tbd"; path = "usr/lib/libstdc++.tbd"; sourceTree = SDKROOT; };
		7AE6B65A1C647B15006E37AC /* AddressBook.framework */ = {isa = PBXFileReference; lastKnownFileType = wrapper.framework; name = AddressBook.framework; path = System/Library/Frameworks/AddressBook.framework; sourceTree = SDKROOT; };
		7AE6B65B1C647B15006E37AC /* AddressBookUI.framework */ = {isa = PBXFileReference; lastKnownFileType = wrapper.framework; name = AddressBookUI.framework; path = System/Library/Frameworks/AddressBookUI.framework; sourceTree = SDKROOT; };
		7AE6B65E1C648557006E37AC /* ForgetCodeViewController.h */ = {isa = PBXFileReference; fileEncoding = 4; lastKnownFileType = sourcecode.c.h; path = ForgetCodeViewController.h; sourceTree = "<group>"; };
		7AE6B65F1C648557006E37AC /* ForgetCodeViewController.m */ = {isa = PBXFileReference; fileEncoding = 4; lastKnownFileType = sourcecode.c.objc; path = ForgetCodeViewController.m; sourceTree = "<group>"; };
		7AE6B6611C64905F006E37AC /* BmobSDK.framework */ = {isa = PBXFileReference; lastKnownFileType = wrapper.framework; path = BmobSDK.framework; sourceTree = "<group>"; };
		7AE6B6631C6490C3006E37AC /* CoreLocation.framework */ = {isa = PBXFileReference; lastKnownFileType = wrapper.framework; name = CoreLocation.framework; path = System/Library/Frameworks/CoreLocation.framework; sourceTree = SDKROOT; };
		7AE6B6651C649102006E37AC /* CoreGraphics.framework */ = {isa = PBXFileReference; lastKnownFileType = wrapper.framework; name = CoreGraphics.framework; path = System/Library/Frameworks/CoreGraphics.framework; sourceTree = SDKROOT; };
		7AE6B6671C64912A006E37AC /* MobileCoreServices.framework */ = {isa = PBXFileReference; lastKnownFileType = wrapper.framework; name = MobileCoreServices.framework; path = System/Library/Frameworks/MobileCoreServices.framework; sourceTree = SDKROOT; };
		7AE6B6691C64913B006E37AC /* CFNetwork.framework */ = {isa = PBXFileReference; lastKnownFileType = wrapper.framework; name = CFNetwork.framework; path = System/Library/Frameworks/CFNetwork.framework; sourceTree = SDKROOT; };
		7AE6B66B1C64917D006E37AC /* AVFoundation.framework */ = {isa = PBXFileReference; lastKnownFileType = wrapper.framework; name = AVFoundation.framework; path = System/Library/Frameworks/AVFoundation.framework; sourceTree = SDKROOT; };
		7AE6B66D1C649185006E37AC /* MediaPlayer.framework */ = {isa = PBXFileReference; lastKnownFileType = wrapper.framework; name = MediaPlayer.framework; path = System/Library/Frameworks/MediaPlayer.framework; sourceTree = SDKROOT; };
		7AE6B66F1C649FC4006E37AC /* InfomationViewController.h */ = {isa = PBXFileReference; fileEncoding = 4; lastKnownFileType = sourcecode.c.h; path = InfomationViewController.h; sourceTree = "<group>"; };
		7AE6B6701C649FC4006E37AC /* InfomationViewController.m */ = {isa = PBXFileReference; fileEncoding = 4; lastKnownFileType = sourcecode.c.objc; path = InfomationViewController.m; sourceTree = "<group>"; };
		7AF16D6B1C8948B700F5E510 /* AnotherTableViewCell.h */ = {isa = PBXFileReference; fileEncoding = 4; lastKnownFileType = sourcecode.c.h; path = AnotherTableViewCell.h; sourceTree = "<group>"; };
		7AF16D6C1C8948B700F5E510 /* AnotherTableViewCell.m */ = {isa = PBXFileReference; fileEncoding = 4; lastKnownFileType = sourcecode.c.objc; path = AnotherTableViewCell.m; sourceTree = "<group>"; };
		7AF50D681C57280D0060D662 /* DetailsTableViewCell.h */ = {isa = PBXFileReference; fileEncoding = 4; lastKnownFileType = sourcecode.c.h; path = DetailsTableViewCell.h; sourceTree = "<group>"; };
		7AF50D691C57280D0060D662 /* DetailsTableViewCell.m */ = {isa = PBXFileReference; fileEncoding = 4; lastKnownFileType = sourcecode.c.objc; path = DetailsTableViewCell.m; sourceTree = "<group>"; };
		7AF50D6A1C57280D0060D662 /* DetailsTableViewCell.xib */ = {isa = PBXFileReference; fileEncoding = 4; lastKnownFileType = file.xib; path = DetailsTableViewCell.xib; sourceTree = "<group>"; };
		7AF50D6D1C5729760060D662 /* DetailsModel.h */ = {isa = PBXFileReference; fileEncoding = 4; lastKnownFileType = sourcecode.c.h; path = DetailsModel.h; sourceTree = "<group>"; };
		7AF50D6E1C5729760060D662 /* DetailsModel.m */ = {isa = PBXFileReference; fileEncoding = 4; lastKnownFileType = sourcecode.c.objc; path = DetailsModel.m; sourceTree = "<group>"; };
		7AF729601C8F0E3F008B6F3B /* Images.xcassets */ = {isa = PBXFileReference; lastKnownFileType = folder.assetcatalog; path = Images.xcassets; sourceTree = "<group>"; };
		EAD4C491D1FD262C0CDDDFCA /* Pods.debug.xcconfig */ = {isa = PBXFileReference; includeInIndex = 1; lastKnownFileType = text.xcconfig; name = Pods.debug.xcconfig; path = "Pods/Target Support Files/Pods/Pods.debug.xcconfig"; sourceTree = "<group>"; };
/* End PBXFileReference section */

/* Begin PBXFrameworksBuildPhase section */
		7A827CA91C4C9EC30076C419 /* Frameworks */ = {
			isa = PBXFrameworksBuildPhase;
			buildActionMask = 2147483647;
			files = (
				7AE6B66E1C649185006E37AC /* MediaPlayer.framework in Frameworks */,
				7AE6B66C1C64917D006E37AC /* AVFoundation.framework in Frameworks */,
				7AE6B66A1C64913B006E37AC /* CFNetwork.framework in Frameworks */,
				7AE6B6681C64912A006E37AC /* MobileCoreServices.framework in Frameworks */,
				7AE6B6661C649102006E37AC /* CoreGraphics.framework in Frameworks */,
				7AC71C561C59DDAB0019F8C3 /* Security.framework in Frameworks */,
				7AE6B6641C6490C3006E37AC /* CoreLocation.framework in Frameworks */,
				7AE6B65C1C647B15006E37AC /* AddressBook.framework in Frameworks */,
				7AE6B65D1C647B15006E37AC /* AddressBookUI.framework in Frameworks */,
				7AE6B6591C647B03006E37AC /* libstdc++.tbd in Frameworks */,
				7AE6B6571C647AF5006E37AC /* JavaScriptCore.framework in Frameworks */,
				7AE6B6551C647AD7006E37AC /* libz.tbd in Frameworks */,
				7AC71C601C59E7370019F8C3 /* libc++.tbd in Frameworks */,
				7AC71C5E1C59DFCC0019F8C3 /* AdSupport.framework in Frameworks */,
				7AC71C5C1C59DFC10019F8C3 /* ImageIO.framework in Frameworks */,
				7AC71C5A1C59DFB70019F8C3 /* libsqlite3.tbd in Frameworks */,
				7AC71C581C59DDBC0019F8C3 /* MessageUI.framework in Frameworks */,
				7AC71C541C59DD9F0019F8C3 /* libz.1.2.5.tbd in Frameworks */,
				7AC71C521C59DD930019F8C3 /* libicucore.tbd in Frameworks */,
				7AE6B6621C64905F006E37AC /* BmobSDK.framework in Frameworks */,
				7AC71C501C59DD820019F8C3 /* CoreTelephony.framework in Frameworks */,
				7AC71C4E1C59DD760019F8C3 /* QuartzCore.framework in Frameworks */,
				7AC71C4C1C59DD6A0019F8C3 /* SystemConfiguration.framework in Frameworks */,
				7AC71C471C59DCB50019F8C3 /* libYixinSDK.a in Frameworks */,
				7AC71C3A1C59DCB50019F8C3 /* ShareSDKUI.framework in Frameworks */,
				7AC71C431C59DCB50019F8C3 /* libWeiboSDK.a in Frameworks */,
				7AC71C451C59DCB50019F8C3 /* libWeChatSDK.a in Frameworks */,
				7AC71C3F1C59DCB50019F8C3 /* TencentOpenAPI.framework in Frameworks */,
				65F42CA1EE0FA36A727C6058 /* libPods.a in Frameworks */,
				7AC71C481C59DCB50019F8C3 /* MOBFoundation.framework in Frameworks */,
				7AC71C4A1C59DCB50019F8C3 /* ShareSDKConnector.framework in Frameworks */,
				7AC71C381C59DCB50019F8C3 /* ShareSDKInterfaceAdapter.framework in Frameworks */,
				7AC71C3B1C59DCB50019F8C3 /* libAPOpenSdk.a in Frameworks */,
				7AC71C361C59DCB50019F8C3 /* ShareSDK.framework in Frameworks */,
				7AC71C3E1C59DCB50019F8C3 /* KakaoOpenSDK.framework in Frameworks */,
				7AC71C371C59DCB50019F8C3 /* ShareSDKExtension.framework in Frameworks */,
				7AE6B6521C647A88006E37AC /* MOBFoundation.framework in Frameworks */,
				7AE6B6531C647A88006E37AC /* SMS_SDK.framework in Frameworks */,
				7AC71C421C59DCB50019F8C3 /* RennSDK.framework in Frameworks */,
				7AC71C3D1C59DCB50019F8C3 /* FBSDKMessengerShareKit.framework in Frameworks */,
			);
			runOnlyForDeploymentPostprocessing = 0;
		};
/* End PBXFrameworksBuildPhase section */

/* Begin PBXGroup section */
		7A067B441C4F7A2D009ADB8D /* PullingRefreshTableView */ = {
			isa = PBXGroup;
			children = (
				7A067B451C4F7A2D009ADB8D /* blueArrow.png */,
				7A067B461C4F7A2D009ADB8D /* blueArrowDown.png */,
				7A067B471C4F7A2D009ADB8D /* PullingRefreshTableView.h */,
				7A067B481C4F7A2D009ADB8D /* PullingRefreshTableView.m */,
			);
			path = PullingRefreshTableView;
			sourceTree = "<group>";
		};
		7A067B4C1C4F7A95009ADB8D /* ProgressHUD */ = {
			isa = PBXGroup;
			children = (
				7A067B4D1C4F7A95009ADB8D /* ProgressHUD.bundle */,
				7A067B4E1C4F7A95009ADB8D /* ProgressHUD.h */,
				7A067B4F1C4F7A95009ADB8D /* ProgressHUD.m */,
			);
			path = ProgressHUD;
			sourceTree = "<group>";
		};
		7A827CA31C4C9EC30076C419 = {
			isa = PBXGroup;
			children = (
				7A827CAE1C4C9EC30076C419 /* LoveFood */,
				7A827CAD1C4C9EC30076C419 /* Products */,
				F11DA3E26BF7ECF2D819A91C /* Pods */,
				D0D9E5A51AA281ACB0FA488D /* Frameworks */,
			);
			sourceTree = "<group>";
		};
		7A827CAD1C4C9EC30076C419 /* Products */ = {
			isa = PBXGroup;
			children = (
				7A827CAC1C4C9EC30076C419 /* LoveFood.app */,
			);
			name = Products;
			sourceTree = "<group>";
		};
		7A827CAE1C4C9EC30076C419 /* LoveFood */ = {
			isa = PBXGroup;
			children = (
				7A827CB21C4C9EC30076C419 /* AppDelegate.h */,
				7A827CB31C4C9EC30076C419 /* AppDelegate.m */,
				7A827CDD1C4CACDE0076C419 /* Classes */,
				7A827CF31C4CACEF0076C419 /* Librarys */,
				7A827CB51C4C9EC30076C419 /* Assets.xcassets */,
				7A827CB71C4C9EC30076C419 /* LaunchScreen.storyboard */,
				7A827CBA1C4C9EC30076C419 /* Info.plist */,
				7AF729601C8F0E3F008B6F3B /* Images.xcassets */,
				7A827CAF1C4C9EC30076C419 /* Supporting Files */,
			);
			path = LoveFood;
			sourceTree = "<group>";
		};
		7A827CAF1C4C9EC30076C419 /* Supporting Files */ = {
			isa = PBXGroup;
			children = (
				7A827CB01C4C9EC30076C419 /* main.m */,
			);
			name = "Supporting Files";
			sourceTree = "<group>";
		};
		7A827CDD1C4CACDE0076C419 /* Classes */ = {
			isa = PBXGroup;
			children = (
				7A827CE41C4CACDE0076C419 /* Find */,
				7A827CDE1C4CACDE0076C419 /* Favorite */,
				7A827CEA1C4CACDE0076C419 /* More */,
			);
			path = Classes;
			sourceTree = "<group>";
		};
		7A827CDE1C4CACDE0076C419 /* Favorite */ = {
			isa = PBXGroup;
			children = (
				7A827CDF1C4CACDE0076C419 /* Controllers */,
				7A827CE21C4CACDE0076C419 /* models */,
				7A827CE31C4CACDE0076C419 /* views */,
			);
			path = Favorite;
			sourceTree = "<group>";
		};
		7A827CDF1C4CACDE0076C419 /* Controllers */ = {
			isa = PBXGroup;
			children = (
				7A827CE01C4CACDE0076C419 /* FavoriteViewController.h */,
				7A827CE11C4CACDE0076C419 /* FavoriteViewController.m */,
			);
			path = Controllers;
			sourceTree = "<group>";
		};
		7A827CE21C4CACDE0076C419 /* models */ = {
			isa = PBXGroup;
			children = (
				7A3B68181C5087E800508DB8 /* Favorite.plist */,
			);
			path = models;
			sourceTree = "<group>";
		};
		7A827CE31C4CACDE0076C419 /* views */ = {
			isa = PBXGroup;
			children = (
				7A6B97F81C4CE98800885D9D /* favorite.storyboard */,
				7A3B68101C507B9300508DB8 /* FavoriteTableViewCell.h */,
				7A3B68111C507B9300508DB8 /* FavoriteTableViewCell.m */,
				7A3B68121C507B9300508DB8 /* FavoriteTableViewCell.xib */,
			);
			path = views;
			sourceTree = "<group>";
		};
		7A827CE41C4CACDE0076C419 /* Find */ = {
			isa = PBXGroup;
			children = (
				7A827CE51C4CACDE0076C419 /* controllers */,
				7A827CE81C4CACDE0076C419 /* models */,
				7A827CE91C4CACDE0076C419 /* views */,
			);
			path = Find;
			sourceTree = "<group>";
		};
		7A827CE51C4CACDE0076C419 /* controllers */ = {
			isa = PBXGroup;
			children = (
				7A827CE61C4CACDE0076C419 /* FindViewController.h */,
				7A827CE71C4CACDE0076C419 /* FindViewController.m */,
				7A2364771C4E2CBA005A0A3F /* ListViewController.h */,
				7A2364781C4E2CBA005A0A3F /* ListViewController.m */,
				7ADC292D1C51DE3A00A91F23 /* DetailsViewController.h */,
				7ADC292E1C51DE3A00A91F23 /* DetailsViewController.m */,
			);
			path = controllers;
			sourceTree = "<group>";
		};
		7A827CE81C4CACDE0076C419 /* models */ = {
			isa = PBXGroup;
			children = (
				7A2364721C4E1E95005A0A3F /* FindModel.h */,
				7A2364731C4E1E95005A0A3F /* FindModel.m */,
				7A067B571C4F7FA0009ADB8D /* ListModel.h */,
				7A067B581C4F7FA0009ADB8D /* ListModel.m */,
				7AF50D6D1C5729760060D662 /* DetailsModel.h */,
				7AF50D6E1C5729760060D662 /* DetailsModel.m */,
				7A2364751C4E23C7005A0A3F /* Property List.plist */,
				7ADC29301C52113900A91F23 /* DetailsList.plist */,
				7A76D6AC1C5885FC0023ECF2 /* RecomendList.plist */,
			);
			path = models;
			sourceTree = "<group>";
		};
		7A827CE91C4CACDE0076C419 /* views */ = {
			isa = PBXGroup;
			children = (
				7A6B97F61C4CE96800885D9D /* find.storyboard */,
				7A23646D1C4E1AD1005A0A3F /* FindTableViewCell.h */,
				7A23646E1C4E1AD1005A0A3F /* FindTableViewCell.m */,
				7A23646F1C4E1AD1005A0A3F /* FindTableViewCell.xib */,
				7A067B521C4F7F83009ADB8D /* ListTableViewCell.h */,
				7A067B531C4F7F83009ADB8D /* ListTableViewCell.m */,
				7A067B541C4F7F83009ADB8D /* ListTableViewCell.xib */,
				7AF50D681C57280D0060D662 /* DetailsTableViewCell.h */,
				7AF50D691C57280D0060D662 /* DetailsTableViewCell.m */,
				7AF50D6A1C57280D0060D662 /* DetailsTableViewCell.xib */,
				7AC71C611C59EFB40019F8C3 /* ShareView.h */,
				7AC71C621C59EFB40019F8C3 /* ShareView.m */,
				7AF16D6B1C8948B700F5E510 /* AnotherTableViewCell.h */,
				7AF16D6C1C8948B700F5E510 /* AnotherTableViewCell.m */,
			);
			path = views;
			sourceTree = "<group>";
		};
		7A827CEA1C4CACDE0076C419 /* More */ = {
			isa = PBXGroup;
			children = (
				7A827CEB1C4CACDE0076C419 /* controllers */,
				7A827CEE1C4CACDE0076C419 /* models */,
				7A827CEF1C4CACDE0076C419 /* views */,
			);
			path = More;
			sourceTree = "<group>";
		};
		7A827CEB1C4CACDE0076C419 /* controllers */ = {
			isa = PBXGroup;
			children = (
				7A827CEC1C4CACDE0076C419 /* MoreViewController.h */,
				7A827CED1C4CACDE0076C419 /* MoreViewController.m */,
				7A4060791C606A6300956EC6 /* ZhuceViewController.h */,
				7A40607A1C606A6300956EC6 /* ZhuceViewController.m */,
				7AE6B65E1C648557006E37AC /* ForgetCodeViewController.h */,
				7AE6B65F1C648557006E37AC /* ForgetCodeViewController.m */,
				7AE6B66F1C649FC4006E37AC /* InfomationViewController.h */,
				7AE6B6701C649FC4006E37AC /* InfomationViewController.m */,
				7A8F18EA1C8BE648005A11EB /* CollectViewController.h */,
				7A8F18EB1C8BE648005A11EB /* CollectViewController.m */,
			);
			path = controllers;
			sourceTree = "<group>";
		};
		7A827CEE1C4CACDE0076C419 /* models */ = {
			isa = PBXGroup;
			children = (
				7A8F18ED1C8BFD99005A11EB /* DataBaseManager.h */,
				7A8F18EE1C8BFD99005A11EB /* DataBaseManager.m */,
				7A8F18F01C8C055B005A11EB /* Collect.h */,
				7A8F18F11C8C055B005A11EB /* Collect.m */,
			);
			path = models;
			sourceTree = "<group>";
		};
		7A827CEF1C4CACDE0076C419 /* views */ = {
			isa = PBXGroup;
			children = (
				7ADD23AC1C63456000239382 /* more.storyboard */,
			);
			path = views;
			sourceTree = "<group>";
		};
		7A827CF31C4CACEF0076C419 /* Librarys */ = {
			isa = PBXGroup;
			children = (
				7AE6B6611C64905F006E37AC /* BmobSDK.framework */,
				7AE6B64B1C647A88006E37AC /* SMS_SDK */,
				7AC71C021C59DCB50019F8C3 /* ShareSDK */,
				7A067B4C1C4F7A95009ADB8D /* ProgressHUD */,
				7A067B441C4F7A2D009ADB8D /* PullingRefreshTableView */,
				7A827CD61C4CAB5F0076C419 /* LoveFood.pch */,
				7A827CF41C4CAD480076C419 /* Header.h */,
				7A23647D1C4E32F3005A0A3F /* UIViewController+Common.h */,
				7A23647E1C4E32F3005A0A3F /* UIViewController+Common.m */,
				7ADC29321C52139500A91F23 /* HWTools.h */,
				7ADC29331C52139500A91F23 /* HWTools.m */,
			);
			name = Librarys;
			path = LoveFood/Librarys;
			sourceTree = SOURCE_ROOT;
		};
		7AC71C021C59DCB50019F8C3 /* ShareSDK */ = {
			isa = PBXGroup;
			children = (
				7AC71C031C59DCB50019F8C3 /* ShareSDK.framework */,
				7AC71C041C59DCB50019F8C3 /* Support */,
			);
			path = ShareSDK;
			sourceTree = "<group>";
		};
		7AC71C041C59DCB50019F8C3 /* Support */ = {
			isa = PBXGroup;
			children = (
				7AC71C051C59DCB50019F8C3 /* Optional */,
				7AC71C0A1C59DCB50019F8C3 /* PlatformSDK */,
				7AC71C321C59DCB50019F8C3 /* Required */,
			);
			path = Support;
			sourceTree = "<group>";
		};
		7AC71C051C59DCB50019F8C3 /* Optional */ = {
			isa = PBXGroup;
			children = (
				7AC71C061C59DCB50019F8C3 /* ShareSDKExtension.framework */,
				7AC71C071C59DCB50019F8C3 /* ShareSDKInterfaceAdapter.framework */,
				7AC71C081C59DCB50019F8C3 /* ShareSDKUI.bundle */,
				7AC71C091C59DCB50019F8C3 /* ShareSDKUI.framework */,
			);
			path = Optional;
			sourceTree = "<group>";
		};
		7AC71C0A1C59DCB50019F8C3 /* PlatformSDK */ = {
			isa = PBXGroup;
			children = (
				7AC71C0B1C59DCB50019F8C3 /* APSocialSDK */,
				7AC71C101C59DCB50019F8C3 /* FacebookMessengerSDK */,
				7AC71C121C59DCB50019F8C3 /* KaKaoSDK */,
				7AC71C141C59DCB50019F8C3 /* QQSDK */,
				7AC71C171C59DCB50019F8C3 /* RenRenSDK */,
				7AC71C1A1C59DCB50019F8C3 /* SinaWeiboSDK */,
				7AC71C281C59DCB50019F8C3 /* WeChatSDK */,
				7AC71C2E1C59DCB50019F8C3 /* YiXinSDK */,
			);
			path = PlatformSDK;
			sourceTree = "<group>";
		};
		7AC71C0B1C59DCB50019F8C3 /* APSocialSDK */ = {
			isa = PBXGroup;
			children = (
				7AC71C0C1C59DCB50019F8C3 /* APOpenAPI.h */,
				7AC71C0D1C59DCB50019F8C3 /* APOpenAPIObject.h */,
				7AC71C0E1C59DCB50019F8C3 /* libAPOpenSdk.a */,
				7AC71C0F1C59DCB50019F8C3 /* README.md */,
			);
			path = APSocialSDK;
			sourceTree = "<group>";
		};
		7AC71C101C59DCB50019F8C3 /* FacebookMessengerSDK */ = {
			isa = PBXGroup;
			children = (
				7AC71C111C59DCB50019F8C3 /* FBSDKMessengerShareKit.framework */,
			);
			path = FacebookMessengerSDK;
			sourceTree = "<group>";
		};
		7AC71C121C59DCB50019F8C3 /* KaKaoSDK */ = {
			isa = PBXGroup;
			children = (
				7AC71C131C59DCB50019F8C3 /* KakaoOpenSDK.framework */,
			);
			path = KaKaoSDK;
			sourceTree = "<group>";
		};
		7AC71C141C59DCB50019F8C3 /* QQSDK */ = {
			isa = PBXGroup;
			children = (
				7AC71C151C59DCB50019F8C3 /* TencentOpenAPI.framework */,
				7AC71C161C59DCB50019F8C3 /* TencentOpenApi_IOS_Bundle.bundle */,
			);
			path = QQSDK;
			sourceTree = "<group>";
		};
		7AC71C171C59DCB50019F8C3 /* RenRenSDK */ = {
			isa = PBXGroup;
			children = (
				7AC71C181C59DCB50019F8C3 /* RennSDK.bundle */,
				7AC71C191C59DCB50019F8C3 /* RennSDK.framework */,
			);
			path = RenRenSDK;
			sourceTree = "<group>";
		};
		7AC71C1A1C59DCB50019F8C3 /* SinaWeiboSDK */ = {
			isa = PBXGroup;
			children = (
				7AC71C1B1C59DCB50019F8C3 /* libWeiboSDK.a */,
				7AC71C1C1C59DCB50019F8C3 /* WBHttpRequest+WeiboGame.h */,
				7AC71C1D1C59DCB50019F8C3 /* WBHttpRequest+WeiboShare.h */,
				7AC71C1E1C59DCB50019F8C3 /* WBHttpRequest+WeiboToken.h */,
				7AC71C1F1C59DCB50019F8C3 /* WBHttpRequest+WeiboUser.h */,
				7AC71C201C59DCB50019F8C3 /* WBHttpRequest.h */,
				7AC71C211C59DCB50019F8C3 /* WBSDKBasicButton.h */,
				7AC71C221C59DCB50019F8C3 /* WBSDKCommentButton.h */,
				7AC71C231C59DCB50019F8C3 /* WBSDKRelationshipButton.h */,
				7AC71C241C59DCB50019F8C3 /* WeiboSDK+Statistics.h */,
				7AC71C251C59DCB50019F8C3 /* WeiboSDK.bundle */,
				7AC71C261C59DCB50019F8C3 /* WeiboSDK.h */,
				7AC71C271C59DCB50019F8C3 /* WeiboUser.h */,
			);
			path = SinaWeiboSDK;
			sourceTree = "<group>";
		};
		7AC71C281C59DCB50019F8C3 /* WeChatSDK */ = {
			isa = PBXGroup;
			children = (
				7AC71C291C59DCB50019F8C3 /* libWeChatSDK.a */,
				7AC71C2A1C59DCB50019F8C3 /* read_me.txt */,
				7AC71C2B1C59DCB50019F8C3 /* WechatAuthSDK.h */,
				7AC71C2C1C59DCB50019F8C3 /* WXApi.h */,
				7AC71C2D1C59DCB50019F8C3 /* WXApiObject.h */,
			);
			path = WeChatSDK;
			sourceTree = "<group>";
		};
		7AC71C2E1C59DCB50019F8C3 /* YiXinSDK */ = {
			isa = PBXGroup;
			children = (
				7AC71C2F1C59DCB50019F8C3 /* libYixinSDK.a */,
				7AC71C301C59DCB50019F8C3 /* YXApi.h */,
				7AC71C311C59DCB50019F8C3 /* YXApiObject.h */,
			);
			path = YiXinSDK;
			sourceTree = "<group>";
		};
		7AC71C321C59DCB50019F8C3 /* Required */ = {
			isa = PBXGroup;
			children = (
				7AC71C331C59DCB50019F8C3 /* MOBFoundation.framework */,
				7AC71C341C59DCB50019F8C3 /* ShareSDK.bundle */,
				7AC71C351C59DCB50019F8C3 /* ShareSDKConnector.framework */,
			);
			path = Required;
			sourceTree = "<group>";
		};
		7AE6B64B1C647A88006E37AC /* SMS_SDK */ = {
			isa = PBXGroup;
			children = (
				7AE6B64C1C647A88006E37AC /* SMS_SDKLocalizable.strings */,
				7AE6B64E1C647A88006E37AC /* MOBFoundation.framework */,
				7AE6B64F1C647A88006E37AC /* SMS_SDK.framework */,
			);
			path = SMS_SDK;
			sourceTree = "<group>";
		};
		D0D9E5A51AA281ACB0FA488D /* Frameworks */ = {
			isa = PBXGroup;
			children = (
				7AE6B66D1C649185006E37AC /* MediaPlayer.framework */,
				7AE6B66B1C64917D006E37AC /* AVFoundation.framework */,
				7AE6B6691C64913B006E37AC /* CFNetwork.framework */,
				7AE6B6671C64912A006E37AC /* MobileCoreServices.framework */,
				7AE6B6651C649102006E37AC /* CoreGraphics.framework */,
				7AE6B6631C6490C3006E37AC /* CoreLocation.framework */,
				7AE6B65A1C647B15006E37AC /* AddressBook.framework */,
				7AE6B65B1C647B15006E37AC /* AddressBookUI.framework */,
				7AE6B6581C647B03006E37AC /* libstdc++.tbd */,
				7AE6B6561C647AF5006E37AC /* JavaScriptCore.framework */,
				7AE6B6541C647AD7006E37AC /* libz.tbd */,
				7AC71C5F1C59E7370019F8C3 /* libc++.tbd */,
				7AC71C5D1C59DFCC0019F8C3 /* AdSupport.framework */,
				7AC71C5B1C59DFC10019F8C3 /* ImageIO.framework */,
				7AC71C591C59DFB70019F8C3 /* libsqlite3.tbd */,
				7AC71C571C59DDBC0019F8C3 /* MessageUI.framework */,
				7AC71C551C59DDAB0019F8C3 /* Security.framework */,
				7AC71C531C59DD9F0019F8C3 /* libz.1.2.5.tbd */,
				7AC71C511C59DD930019F8C3 /* libicucore.tbd */,
				7AC71C4F1C59DD820019F8C3 /* CoreTelephony.framework */,
				7AC71C4D1C59DD760019F8C3 /* QuartzCore.framework */,
				7AC71C4B1C59DD6A0019F8C3 /* SystemConfiguration.framework */,
				044C10776D29CF0D4096257D /* libPods.a */,
			);
			name = Frameworks;
			sourceTree = "<group>";
		};
		F11DA3E26BF7ECF2D819A91C /* Pods */ = {
			isa = PBXGroup;
			children = (
				EAD4C491D1FD262C0CDDDFCA /* Pods.debug.xcconfig */,
				41514CB55E27F6DFAEAEC4DB /* Pods.release.xcconfig */,
			);
			name = Pods;
			sourceTree = "<group>";
		};
/* End PBXGroup section */

/* Begin PBXNativeTarget section */
		7A827CAB1C4C9EC30076C419 /* LoveFood */ = {
			isa = PBXNativeTarget;
			buildConfigurationList = 7A827CBD1C4C9EC30076C419 /* Build configuration list for PBXNativeTarget "LoveFood" */;
			buildPhases = (
				7269679FE8D28E0868AF3DEE /* Check Pods Manifest.lock */,
				7A827CA81C4C9EC30076C419 /* Sources */,
				7A827CA91C4C9EC30076C419 /* Frameworks */,
				7A827CAA1C4C9EC30076C419 /* Resources */,
				C95FE5724888BE3E68D45F60 /* Embed Pods Frameworks */,
				BCB4C7CC908BC1AE8F53580C /* Copy Pods Resources */,
			);
			buildRules = (
			);
			dependencies = (
			);
			name = LoveFood;
			productName = LoveFood;
			productReference = 7A827CAC1C4C9EC30076C419 /* LoveFood.app */;
			productType = "com.apple.product-type.application";
		};
/* End PBXNativeTarget section */

/* Begin PBXProject section */
		7A827CA41C4C9EC30076C419 /* Project object */ = {
			isa = PBXProject;
			attributes = {
				LastUpgradeCheck = 0720;
				ORGANIZATIONNAME = SCJY;
				TargetAttributes = {
					7A827CAB1C4C9EC30076C419 = {
						CreatedOnToolsVersion = 7.2;
						DevelopmentTeam = CCQ5LLLX4L;
					};
				};
			};
			buildConfigurationList = 7A827CA71C4C9EC30076C419 /* Build configuration list for PBXProject "LoveFood" */;
			compatibilityVersion = "Xcode 3.2";
			developmentRegion = English;
			hasScannedForEncodings = 0;
			knownRegions = (
				en,
				Base,
				"zh-Hans",
			);
			mainGroup = 7A827CA31C4C9EC30076C419;
			productRefGroup = 7A827CAD1C4C9EC30076C419 /* Products */;
			projectDirPath = "";
			projectRoot = "";
			targets = (
				7A827CAB1C4C9EC30076C419 /* LoveFood */,
			);
		};
/* End PBXProject section */

/* Begin PBXResourcesBuildPhase section */
		7A827CAA1C4C9EC30076C419 /* Resources */ = {
			isa = PBXResourcesBuildPhase;
			buildActionMask = 2147483647;
			files = (
				7AE6B6511C647A88006E37AC /* SMS_SDKLocalizable.strings in Resources */,
				7A2364711C4E1AD1005A0A3F /* FindTableViewCell.xib in Resources */,
				7A067B561C4F7F83009ADB8D /* ListTableViewCell.xib in Resources */,
				7A2364761C4E23C7005A0A3F /* Property List.plist in Resources */,
				7A067B4A1C4F7A2D009ADB8D /* blueArrowDown.png in Resources */,
				7AC71C491C59DCB50019F8C3 /* ShareSDK.bundle in Resources */,
				7A827CB61C4C9EC30076C419 /* Assets.xcassets in Resources */,
				7A76D6AD1C5885FC0023ECF2 /* RecomendList.plist in Resources */,
				7AC71C401C59DCB50019F8C3 /* TencentOpenApi_IOS_Bundle.bundle in Resources */,
				7AF729611C8F0E3F008B6F3B /* Images.xcassets in Resources */,
				7AC71C441C59DCB50019F8C3 /* WeiboSDK.bundle in Resources */,
				7AF50D6C1C57280D0060D662 /* DetailsTableViewCell.xib in Resources */,
				7AC71C391C59DCB50019F8C3 /* ShareSDKUI.bundle in Resources */,
				7A3B68141C507B9300508DB8 /* FavoriteTableViewCell.xib in Resources */,
				7A827CB91C4C9EC30076C419 /* LaunchScreen.storyboard in Resources */,
				7ADD23AD1C63456000239382 /* more.storyboard in Resources */,
				7A6B97F91C4CE98800885D9D /* favorite.storyboard in Resources */,
				7AC71C461C59DCB50019F8C3 /* read_me.txt in Resources */,
				7A067B501C4F7A95009ADB8D /* ProgressHUD.bundle in Resources */,
				7A067B491C4F7A2D009ADB8D /* blueArrow.png in Resources */,
				7AC71C411C59DCB50019F8C3 /* RennSDK.bundle in Resources */,
				7A6B97F71C4CE96800885D9D /* find.storyboard in Resources */,
				7A3B68191C5087E800508DB8 /* Favorite.plist in Resources */,
				7ADC29311C52113900A91F23 /* DetailsList.plist in Resources */,
			);
			runOnlyForDeploymentPostprocessing = 0;
		};
/* End PBXResourcesBuildPhase section */

/* Begin PBXShellScriptBuildPhase section */
		7269679FE8D28E0868AF3DEE /* Check Pods Manifest.lock */ = {
			isa = PBXShellScriptBuildPhase;
			buildActionMask = 2147483647;
			files = (
			);
			inputPaths = (
			);
			name = "Check Pods Manifest.lock";
			outputPaths = (
			);
			runOnlyForDeploymentPostprocessing = 0;
			shellPath = /bin/sh;
			shellScript = "diff \"${PODS_ROOT}/../Podfile.lock\" \"${PODS_ROOT}/Manifest.lock\" > /dev/null\nif [[ $? != 0 ]] ; then\n    cat << EOM\nerror: The sandbox is not in sync with the Podfile.lock. Run 'pod install' or update your CocoaPods installation.\nEOM\n    exit 1\nfi\n";
			showEnvVarsInLog = 0;
		};
		BCB4C7CC908BC1AE8F53580C /* Copy Pods Resources */ = {
			isa = PBXShellScriptBuildPhase;
			buildActionMask = 2147483647;
			files = (
			);
			inputPaths = (
			);
			name = "Copy Pods Resources";
			outputPaths = (
			);
			runOnlyForDeploymentPostprocessing = 0;
			shellPath = /bin/sh;
			shellScript = "\"${SRCROOT}/Pods/Target Support Files/Pods/Pods-resources.sh\"\n";
			showEnvVarsInLog = 0;
		};
		C95FE5724888BE3E68D45F60 /* Embed Pods Frameworks */ = {
			isa = PBXShellScriptBuildPhase;
			buildActionMask = 2147483647;
			files = (
			);
			inputPaths = (
			);
			name = "Embed Pods Frameworks";
			outputPaths = (
			);
			runOnlyForDeploymentPostprocessing = 0;
			shellPath = /bin/sh;
			shellScript = "\"${SRCROOT}/Pods/Target Support Files/Pods/Pods-frameworks.sh\"\n";
			showEnvVarsInLog = 0;
		};
/* End PBXShellScriptBuildPhase section */

/* Begin PBXSourcesBuildPhase section */
		7A827CA81C4C9EC30076C419 /* Sources */ = {
			isa = PBXSourcesBuildPhase;
			buildActionMask = 2147483647;
			files = (
				7A067B4B1C4F7A2D009ADB8D /* PullingRefreshTableView.m in Sources */,
				7A2364741C4E1E95005A0A3F /* FindModel.m in Sources */,
				7AE6B6711C649FC4006E37AC /* InfomationViewController.m in Sources */,
				7A2364701C4E1AD1005A0A3F /* FindTableViewCell.m in Sources */,
				7A2364791C4E2CBA005A0A3F /* ListViewController.m in Sources */,
				7ADC29341C52139500A91F23 /* HWTools.m in Sources */,
				7A067B591C4F7FA0009ADB8D /* ListModel.m in Sources */,
				7A827CF01C4CACDE0076C419 /* FavoriteViewController.m in Sources */,
				7ADC292F1C51DE3A00A91F23 /* DetailsViewController.m in Sources */,
				7AE6B6601C648557006E37AC /* ForgetCodeViewController.m in Sources */,
				7A827CB41C4C9EC30076C419 /* AppDelegate.m in Sources */,
				7A067B511C4F7A95009ADB8D /* ProgressHUD.m in Sources */,
				7A8F18EC1C8BE648005A11EB /* CollectViewController.m in Sources */,
				7A827CB11C4C9EC30076C419 /* main.m in Sources */,
				7AF50D6B1C57280D0060D662 /* DetailsTableViewCell.m in Sources */,
				7A40607B1C606A6300956EC6 /* ZhuceViewController.m in Sources */,
				7A8F18F21C8C055B005A11EB /* Collect.m in Sources */,
				7AC71C631C59EFB40019F8C3 /* ShareView.m in Sources */,
				7AF50D6F1C5729760060D662 /* DetailsModel.m in Sources */,
				7AC71C3C1C59DCB50019F8C3 /* README.md in Sources */,
				7A3B68131C507B9300508DB8 /* FavoriteTableViewCell.m in Sources */,
				7A8F18EF1C8BFD99005A11EB /* DataBaseManager.m in Sources */,
				7A827CF11C4CACDE0076C419 /* FindViewController.m in Sources */,
				7A067B551C4F7F83009ADB8D /* ListTableViewCell.m in Sources */,
				7AF16D6D1C8948B700F5E510 /* AnotherTableViewCell.m in Sources */,
				7A23647F1C4E32F3005A0A3F /* UIViewController+Common.m in Sources */,
				7A827CF21C4CACDE0076C419 /* MoreViewController.m in Sources */,
			);
			runOnlyForDeploymentPostprocessing = 0;
		};
/* End PBXSourcesBuildPhase section */

/* Begin PBXVariantGroup section */
		7A827CB71C4C9EC30076C419 /* LaunchScreen.storyboard */ = {
			isa = PBXVariantGroup;
			children = (
				7A827CB81C4C9EC30076C419 /* Base */,
			);
			name = LaunchScreen.storyboard;
			sourceTree = "<group>";
		};
		7AE6B64C1C647A88006E37AC /* SMS_SDKLocalizable.strings */ = {
			isa = PBXVariantGroup;
			children = (
				7AE6B64D1C647A88006E37AC /* en */,
				7AE6B6501C647A88006E37AC /* zh-Hans */,
			);
			name = SMS_SDKLocalizable.strings;
			sourceTree = "<group>";
		};
/* End PBXVariantGroup section */

/* Begin XCBuildConfiguration section */
		7A827CBB1C4C9EC30076C419 /* Debug */ = {
			isa = XCBuildConfiguration;
			buildSettings = {
				ALWAYS_SEARCH_USER_PATHS = NO;
				CLANG_CXX_LANGUAGE_STANDARD = "gnu++0x";
				CLANG_CXX_LIBRARY = "libc++";
				CLANG_ENABLE_MODULES = YES;
				CLANG_ENABLE_OBJC_ARC = YES;
				CLANG_WARN_BOOL_CONVERSION = YES;
				CLANG_WARN_CONSTANT_CONVERSION = YES;
				CLANG_WARN_DIRECT_OBJC_ISA_USAGE = YES_ERROR;
				CLANG_WARN_EMPTY_BODY = YES;
				CLANG_WARN_ENUM_CONVERSION = YES;
				CLANG_WARN_INT_CONVERSION = YES;
				CLANG_WARN_OBJC_ROOT_CLASS = YES_ERROR;
				CLANG_WARN_UNREACHABLE_CODE = YES;
				CLANG_WARN__DUPLICATE_METHOD_MATCH = YES;
				CODE_SIGN_IDENTITY = "iPhone Distribution: Beijing Lamco Sinyo education technology co., LTD (CCQ5LLLX4L)";
				"CODE_SIGN_IDENTITY[sdk=iphoneos*]" = "iPhone Distribution: Beijing Lamco Sinyo education technology co., LTD (CCQ5LLLX4L)";
				COPY_PHASE_STRIP = NO;
				DEBUG_INFORMATION_FORMAT = dwarf;
				ENABLE_STRICT_OBJC_MSGSEND = YES;
				ENABLE_TESTABILITY = YES;
				GCC_C_LANGUAGE_STANDARD = gnu99;
				GCC_DYNAMIC_NO_PIC = NO;
				GCC_NO_COMMON_BLOCKS = YES;
				GCC_OPTIMIZATION_LEVEL = 0;
				GCC_PREPROCESSOR_DEFINITIONS = (
					"DEBUG=1",
					"$(inherited)",
				);
				GCC_WARN_64_TO_32_BIT_CONVERSION = YES;
				GCC_WARN_ABOUT_RETURN_TYPE = YES_ERROR;
				GCC_WARN_UNDECLARED_SELECTOR = YES;
				GCC_WARN_UNINITIALIZED_AUTOS = YES_AGGRESSIVE;
				GCC_WARN_UNUSED_FUNCTION = YES;
				GCC_WARN_UNUSED_VARIABLE = YES;
				IPHONEOS_DEPLOYMENT_TARGET = 9.2;
				MTL_ENABLE_DEBUG_INFO = YES;
				ONLY_ACTIVE_ARCH = YES;
				SDKROOT = iphoneos;
			};
			name = Debug;
		};
		7A827CBC1C4C9EC30076C419 /* Release */ = {
			isa = XCBuildConfiguration;
			buildSettings = {
				ALWAYS_SEARCH_USER_PATHS = NO;
				CLANG_CXX_LANGUAGE_STANDARD = "gnu++0x";
				CLANG_CXX_LIBRARY = "libc++";
				CLANG_ENABLE_MODULES = YES;
				CLANG_ENABLE_OBJC_ARC = YES;
				CLANG_WARN_BOOL_CONVERSION = YES;
				CLANG_WARN_CONSTANT_CONVERSION = YES;
				CLANG_WARN_DIRECT_OBJC_ISA_USAGE = YES_ERROR;
				CLANG_WARN_EMPTY_BODY = YES;
				CLANG_WARN_ENUM_CONVERSION = YES;
				CLANG_WARN_INT_CONVERSION = YES;
				CLANG_WARN_OBJC_ROOT_CLASS = YES_ERROR;
				CLANG_WARN_UNREACHABLE_CODE = YES;
				CLANG_WARN__DUPLICATE_METHOD_MATCH = YES;
				CODE_SIGN_IDENTITY = "iPhone Distribution: Beijing Lamco Sinyo education technology co., LTD (CCQ5LLLX4L)";
				"CODE_SIGN_IDENTITY[sdk=iphoneos*]" = "iPhone Distribution: Beijing Lamco Sinyo education technology co., LTD (CCQ5LLLX4L)";
				COPY_PHASE_STRIP = NO;
				DEBUG_INFORMATION_FORMAT = "dwarf-with-dsym";
				ENABLE_NS_ASSERTIONS = NO;
				ENABLE_STRICT_OBJC_MSGSEND = YES;
				GCC_C_LANGUAGE_STANDARD = gnu99;
				GCC_NO_COMMON_BLOCKS = YES;
				GCC_WARN_64_TO_32_BIT_CONVERSION = YES;
				GCC_WARN_ABOUT_RETURN_TYPE = YES_ERROR;
				GCC_WARN_UNDECLARED_SELECTOR = YES;
				GCC_WARN_UNINITIALIZED_AUTOS = YES_AGGRESSIVE;
				GCC_WARN_UNUSED_FUNCTION = YES;
				GCC_WARN_UNUSED_VARIABLE = YES;
				IPHONEOS_DEPLOYMENT_TARGET = 9.2;
				MTL_ENABLE_DEBUG_INFO = NO;
				SDKROOT = iphoneos;
				VALIDATE_PRODUCT = YES;
			};
			name = Release;
		};
		7A827CBE1C4C9EC30076C419 /* Debug */ = {
			isa = XCBuildConfiguration;
			baseConfigurationReference = EAD4C491D1FD262C0CDDDFCA /* Pods.debug.xcconfig */;
			buildSettings = {
				ASSETCATALOG_COMPILER_APPICON_NAME = AppIcon;
				ASSETCATALOG_COMPILER_LAUNCHIMAGE_NAME = LaunchImage;
				CODE_SIGN_IDENTITY = "iPhone Distribution: Beijing Lamco Sinyo education technology co., LTD (CCQ5LLLX4L)";
				"CODE_SIGN_IDENTITY[sdk=iphoneos*]" = "iPhone Distribution: Beijing Lamco Sinyo education technology co., LTD (CCQ5LLLX4L)";
				ENABLE_BITCODE = NO;
				FRAMEWORK_SEARCH_PATHS = (
					"$(inherited)",
					"$(PROJECT_DIR)/LoveFood/Librarys/ShareSDK",
					"$(PROJECT_DIR)/LoveFood/Librarys/ShareSDK/Support/Optional",
					"$(PROJECT_DIR)/LoveFood/Librarys/ShareSDK/Support/PlatformSDK/FacebookMessengerSDK",
					"$(PROJECT_DIR)/LoveFood/Librarys/ShareSDK/Support/PlatformSDK/KaKaoSDK",
					"$(PROJECT_DIR)/LoveFood/Librarys/ShareSDK/Support/PlatformSDK/QQSDK",
					"$(PROJECT_DIR)/LoveFood/Librarys/ShareSDK/Support/PlatformSDK/RenRenSDK",
					"$(PROJECT_DIR)/LoveFood/Librarys/ShareSDK/Support/Required",
					"$(PROJECT_DIR)/LoveFood/Librarys/SMS_SDK",
					"$(PROJECT_DIR)/LoveFood/Librarys",
				);
				GCC_PRECOMPILE_PREFIX_HEADER = YES;
				GCC_PREFIX_HEADER = "$(SRCROOT)/LoveFood/LoveFood.pch";
				INFOPLIST_FILE = LoveFood/Info.plist;
				IPHONEOS_DEPLOYMENT_TARGET = 7.1;
				LD_RUNPATH_SEARCH_PATHS = "$(inherited) @executable_path/Frameworks";
				LIBRARY_SEARCH_PATHS = (
					"$(inherited)",
					"$(PROJECT_DIR)/LoveFood/Librarys/ShareSDK/Support/PlatformSDK/APSocialSDK",
					"$(PROJECT_DIR)/LoveFood/Librarys/ShareSDK/Support/PlatformSDK/SinaWeiboSDK",
					"$(PROJECT_DIR)/LoveFood/Librarys/ShareSDK/Support/PlatformSDK/WeChatSDK",
					"$(PROJECT_DIR)/LoveFood/Librarys/ShareSDK/Support/PlatformSDK/YiXinSDK",
				);
				PRODUCT_BUNDLE_IDENTIFIER = wang.LoveFood;
				PRODUCT_NAME = "$(TARGET_NAME)";
			};
			name = Debug;
		};
		7A827CBF1C4C9EC30076C419 /* Release */ = {
			isa = XCBuildConfiguration;
			baseConfigurationReference = 41514CB55E27F6DFAEAEC4DB /* Pods.release.xcconfig */;
			buildSettings = {
				ASSETCATALOG_COMPILER_APPICON_NAME = AppIcon;
				ASSETCATALOG_COMPILER_LAUNCHIMAGE_NAME = LaunchImage;
				CODE_SIGN_IDENTITY = "iPhone Distribution: Beijing Lamco Sinyo education technology co., LTD (CCQ5LLLX4L)";
				"CODE_SIGN_IDENTITY[sdk=iphoneos*]" = "iPhone Distribution: Beijing Lamco Sinyo education technology co., LTD (CCQ5LLLX4L)";
				ENABLE_BITCODE = NO;
				FRAMEWORK_SEARCH_PATHS = (
					"$(inherited)",
					"$(PROJECT_DIR)/LoveFood/Librarys/ShareSDK",
					"$(PROJECT_DIR)/LoveFood/Librarys/ShareSDK/Support/Optional",
					"$(PROJECT_DIR)/LoveFood/Librarys/ShareSDK/Support/PlatformSDK/FacebookMessengerSDK",
					"$(PROJECT_DIR)/LoveFood/Librarys/ShareSDK/Support/PlatformSDK/KaKaoSDK",
					"$(PROJECT_DIR)/LoveFood/Librarys/ShareSDK/Support/PlatformSDK/QQSDK",
					"$(PROJECT_DIR)/LoveFood/Librarys/ShareSDK/Support/PlatformSDK/RenRenSDK",
					"$(PROJECT_DIR)/LoveFood/Librarys/ShareSDK/Support/Required",
					"$(PROJECT_DIR)/LoveFood/Librarys/SMS_SDK",
					"$(PROJECT_DIR)/LoveFood/Librarys",
				);
				GCC_PRECOMPILE_PREFIX_HEADER = YES;
				GCC_PREFIX_HEADER = "$(SRCROOT)/LoveFood/LoveFood.pch";
				INFOPLIST_FILE = LoveFood/Info.plist;
				IPHONEOS_DEPLOYMENT_TARGET = 7.1;
				LD_RUNPATH_SEARCH_PATHS = "$(inherited) @executable_path/Frameworks";
				LIBRARY_SEARCH_PATHS = (
					"$(inherited)",
					"$(PROJECT_DIR)/LoveFood/Librarys/ShareSDK/Support/PlatformSDK/APSocialSDK",
					"$(PROJECT_DIR)/LoveFood/Librarys/ShareSDK/Support/PlatformSDK/SinaWeiboSDK",
					"$(PROJECT_DIR)/LoveFood/Librarys/ShareSDK/Support/PlatformSDK/WeChatSDK",
					"$(PROJECT_DIR)/LoveFood/Librarys/ShareSDK/Support/PlatformSDK/YiXinSDK",
				);
				PRODUCT_BUNDLE_IDENTIFIER = wang.LoveFood;
				PRODUCT_NAME = "$(TARGET_NAME)";
			};
			name = Release;
		};
/* End XCBuildConfiguration section */

/* Begin XCConfigurationList section */
		7A827CA71C4C9EC30076C419 /* Build configuration list for PBXProject "LoveFood" */ = {
			isa = XCConfigurationList;
			buildConfigurations = (
				7A827CBB1C4C9EC30076C419 /* Debug */,
				7A827CBC1C4C9EC30076C419 /* Release */,
			);
			defaultConfigurationIsVisible = 0;
			defaultConfigurationName = Release;
		};
		7A827CBD1C4C9EC30076C419 /* Build configuration list for PBXNativeTarget "LoveFood" */ = {
			isa = XCConfigurationList;
			buildConfigurations = (
				7A827CBE1C4C9EC30076C419 /* Debug */,
				7A827CBF1C4C9EC30076C419 /* Release */,
			);
			defaultConfigurationIsVisible = 0;
			defaultConfigurationName = Release;
		};
/* End XCConfigurationList section */
	};
	rootObject = 7A827CA41C4C9EC30076C419 /* Project object */;
}
