// !$*UTF8*$!
{
	archiveVersion = 1;
	classes = {
	};
	objectVersion = 46;
	objects = {

/* Begin PBXBuildFile section */
		65F42CA1EE0FA36A727C6058 /* libPods.a in Frameworks */ = {isa = PBXBuildFile; fileRef = 044C10776D29CF0D4096257D /* libPods.a */; };
		7A827CB11C4C9EC30076C419 /* main.m in Sources */ = {isa = PBXBuildFile; fileRef = 7A827CB01C4C9EC30076C419 /* main.m */; };
		7A827CB41C4C9EC30076C419 /* AppDelegate.m in Sources */ = {isa = PBXBuildFile; fileRef = 7A827CB31C4C9EC30076C419 /* AppDelegate.m */; };
		7A827CB61C4C9EC30076C419 /* Assets.xcassets in Resources */ = {isa = PBXBuildFile; fileRef = 7A827CB51C4C9EC30076C419 /* Assets.xcassets */; };
		7A827CB91C4C9EC30076C419 /* LaunchScreen.storyboard in Resources */ = {isa = PBXBuildFile; fileRef = 7A827CB71C4C9EC30076C419 /* LaunchScreen.storyboard */; };
		7A827CF01C4CACDE0076C419 /* FavoriteViewController.m in Sources */ = {isa = PBXBuildFile; fileRef = 7A827CE11C4CACDE0076C419 /* FavoriteViewController.m */; };
		7A827CF11C4CACDE0076C419 /* FindViewController.m in Sources */ = {isa = PBXBuildFile; fileRef = 7A827CE71C4CACDE0076C419 /* FindViewController.m */; };
		7A827CF21C4CACDE0076C419 /* MoreViewController.m in Sources */ = {isa = PBXBuildFile; fileRef = 7A827CED1C4CACDE0076C419 /* MoreViewController.m */; };
/* End PBXBuildFile section */

/* Begin PBXFileReference section */
		044C10776D29CF0D4096257D /* libPods.a */ = {isa = PBXFileReference; explicitFileType = archive.ar; includeInIndex = 0; path = libPods.a; sourceTree = BUILT_PRODUCTS_DIR; };
		41514CB55E27F6DFAEAEC4DB /* Pods.release.xcconfig */ = {isa = PBXFileReference; includeInIndex = 1; lastKnownFileType = text.xcconfig; name = Pods.release.xcconfig; path = "Pods/Target Support Files/Pods/Pods.release.xcconfig"; sourceTree = "<group>"; };
		7A827CAC1C4C9EC30076C419 /* LoveFood.app */ = {isa = PBXFileReference; explicitFileType = wrapper.application; includeInIndex = 0; path = LoveFood.app; sourceTree = BUILT_PRODUCTS_DIR; };
		7A827CB01C4C9EC30076C419 /* main.m */ = {isa = PBXFileReference; lastKnownFileType = sourcecode.c.objc; path = main.m; sourceTree = "<group>"; };
		7A827CB21C4C9EC30076C419 /* AppDelegate.h */ = {isa = PBXFileReference; lastKnownFileType = sourcecode.c.h; path = AppDelegate.h; sourceTree = "<group>"; };
		7A827CB31C4C9EC30076C419 /* AppDelegate.m */ = {isa = PBXFileReference; lastKnownFileType = sourcecode.c.objc; path = AppDelegate.m; sourceTree = "<group>"; };
		7A827CB51C4C9EC30076C419 /* Assets.xcassets */ = {isa = PBXFileReference; lastKnownFileType = folder.assetcatalog; path = Assets.xcassets; sourceTree = "<group>"; };
		7A827CB81C4C9EC30076C419 /* Base */ = {isa = PBXFileReference; lastKnownFileType = file.storyboard; name = Base; path = Base.lproj/LaunchScreen.storyboard; sourceTree = "<group>"; };
		7A827CBA1C4C9EC30076C419 /* Info.plist */ = {isa = PBXFileReference; lastKnownFileType = text.plist.xml; path = Info.plist; sourceTree = "<group>"; };
		7A827CD61C4CAB5F0076C419 /* LoveFood.pch */ = {isa = PBXFileReference; lastKnownFileType = sourcecode.c.h; name = LoveFood.pch; path = ../LoveFood.pch; sourceTree = "<group>"; };
		7A827CE01C4CACDE0076C419 /* FavoriteViewController.h */ = {isa = PBXFileReference; fileEncoding = 4; lastKnownFileType = sourcecode.c.h; path = FavoriteViewController.h; sourceTree = "<group>"; };
		7A827CE11C4CACDE0076C419 /* FavoriteViewController.m */ = {isa = PBXFileReference; fileEncoding = 4; lastKnownFileType = sourcecode.c.objc; path = FavoriteViewController.m; sourceTree = "<group>"; };
		7A827CE61C4CACDE0076C419 /* FindViewController.h */ = {isa = PBXFileReference; fileEncoding = 4; lastKnownFileType = sourcecode.c.h; path = FindViewController.h; sourceTree = "<group>"; };
		7A827CE71C4CACDE0076C419 /* FindViewController.m */ = {isa = PBXFileReference; fileEncoding = 4; lastKnownFileType = sourcecode.c.objc; path = FindViewController.m; sourceTree = "<group>"; };
		7A827CEC1C4CACDE0076C419 /* MoreViewController.h */ = {isa = PBXFileReference; fileEncoding = 4; lastKnownFileType = sourcecode.c.h; path = MoreViewController.h; sourceTree = "<group>"; };
		7A827CED1C4CACDE0076C419 /* MoreViewController.m */ = {isa = PBXFileReference; fileEncoding = 4; lastKnownFileType = sourcecode.c.objc; path = MoreViewController.m; sourceTree = "<group>"; };
		EAD4C491D1FD262C0CDDDFCA /* Pods.debug.xcconfig */ = {isa = PBXFileReference; includeInIndex = 1; lastKnownFileType = text.xcconfig; name = Pods.debug.xcconfig; path = "Pods/Target Support Files/Pods/Pods.debug.xcconfig"; sourceTree = "<group>"; };
/* End PBXFileReference section */

/* Begin PBXFrameworksBuildPhase section */
		7A827CA91C4C9EC30076C419 /* Frameworks */ = {
			isa = PBXFrameworksBuildPhase;
			buildActionMask = 2147483647;
			files = (
				65F42CA1EE0FA36A727C6058 /* libPods.a in Frameworks */,
			);
			runOnlyForDeploymentPostprocessing = 0;
		};
/* End PBXFrameworksBuildPhase section */

/* Begin PBXGroup section */
		7A827CA31C4C9EC30076C419 = {
			isa = PBXGroup;
			children = (
				7A827CAE1C4C9EC30076C419 /* LoveFood */,
				7A827CAD1C4C9EC30076C419 /* Products */,
				F11DA3E26BF7ECF2D819A91C /* Pods */,
				D0D9E5A51AA281ACB0FA488D /* Frameworks */,
			);
			sourceTree = "<group>";
		};
		7A827CAD1C4C9EC30076C419 /* Products */ = {
			isa = PBXGroup;
			children = (
				7A827CAC1C4C9EC30076C419 /* LoveFood.app */,
			);
			name = Products;
			sourceTree = "<group>";
		};
		7A827CAE1C4C9EC30076C419 /* LoveFood */ = {
			isa = PBXGroup;
			children = (
				7A827CB21C4C9EC30076C419 /* AppDelegate.h */,
				7A827CB31C4C9EC30076C419 /* AppDelegate.m */,
				7A827CDD1C4CACDE0076C419 /* Classes */,
				7A827CF31C4CACEF0076C419 /* Librarys */,
				7A827CB51C4C9EC30076C419 /* Assets.xcassets */,
				7A827CB71C4C9EC30076C419 /* LaunchScreen.storyboard */,
				7A827CBA1C4C9EC30076C419 /* Info.plist */,
				7A827CAF1C4C9EC30076C419 /* Supporting Files */,
			);
			path = LoveFood;
			sourceTree = "<group>";
		};
		7A827CAF1C4C9EC30076C419 /* Supporting Files */ = {
			isa = PBXGroup;
			children = (
				7A827CB01C4C9EC30076C419 /* main.m */,
			);
			name = "Supporting Files";
			sourceTree = "<group>";
		};
		7A827CDD1C4CACDE0076C419 /* Classes */ = {
			isa = PBXGroup;
			children = (
				7A827CDE1C4CACDE0076C419 /* Favorite */,
				7A827CE41C4CACDE0076C419 /* Find */,
				7A827CEA1C4CACDE0076C419 /* More */,
			);
			path = Classes;
			sourceTree = "<group>";
		};
		7A827CDE1C4CACDE0076C419 /* Favorite */ = {
			isa = PBXGroup;
			children = (
				7A827CDF1C4CACDE0076C419 /* Controllers */,
				7A827CE21C4CACDE0076C419 /* models */,
				7A827CE31C4CACDE0076C419 /* views */,
			);
			path = Favorite;
			sourceTree = "<group>";
		};
		7A827CDF1C4CACDE0076C419 /* Controllers */ = {
			isa = PBXGroup;
			children = (
				7A827CE01C4CACDE0076C419 /* FavoriteViewController.h */,
				7A827CE11C4CACDE0076C419 /* FavoriteViewController.m */,
			);
			path = Controllers;
			sourceTree = "<group>";
		};
		7A827CE21C4CACDE0076C419 /* models */ = {
			isa = PBXGroup;
			children = (
			);
			path = models;
			sourceTree = "<group>";
		};
		7A827CE31C4CACDE0076C419 /* views */ = {
			isa = PBXGroup;
			children = (
			);
			path = views;
			sourceTree = "<group>";
		};
		7A827CE41C4CACDE0076C419 /* Find */ = {
			isa = PBXGroup;
			children = (
				7A827CE51C4CACDE0076C419 /* controllers */,
				7A827CE81C4CACDE0076C419 /* models */,
				7A827CE91C4CACDE0076C419 /* views */,
			);
			path = Find;
			sourceTree = "<group>";
		};
		7A827CE51C4CACDE0076C419 /* controllers */ = {
			isa = PBXGroup;
			children = (
				7A827CE61C4CACDE0076C419 /* FindViewController.h */,
				7A827CE71C4CACDE0076C419 /* FindViewController.m */,
			);
			path = controllers;
			sourceTree = "<group>";
		};
		7A827CE81C4CACDE0076C419 /* models */ = {
			isa = PBXGroup;
			children = (
			);
			path = models;
			sourceTree = "<group>";
		};
		7A827CE91C4CACDE0076C419 /* views */ = {
			isa = PBXGroup;
			children = (
			);
			path = views;
			sourceTree = "<group>";
		};
		7A827CEA1C4CACDE0076C419 /* More */ = {
			isa = PBXGroup;
			children = (
				7A827CEB1C4CACDE0076C419 /* controllers */,
				7A827CEE1C4CACDE0076C419 /* models */,
				7A827CEF1C4CACDE0076C419 /* views */,
			);
			path = More;
			sourceTree = "<group>";
		};
		7A827CEB1C4CACDE0076C419 /* controllers */ = {
			isa = PBXGroup;
			children = (
				7A827CEC1C4CACDE0076C419 /* MoreViewController.h */,
				7A827CED1C4CACDE0076C419 /* MoreViewController.m */,
			);
			path = controllers;
			sourceTree = "<group>";
		};
		7A827CEE1C4CACDE0076C419 /* models */ = {
			isa = PBXGroup;
			children = (
			);
			path = models;
			sourceTree = "<group>";
		};
		7A827CEF1C4CACDE0076C419 /* views */ = {
			isa = PBXGroup;
			children = (
			);
			path = views;
			sourceTree = "<group>";
		};
		7A827CF31C4CACEF0076C419 /* Librarys */ = {
			isa = PBXGroup;
			children = (
				7A827CD61C4CAB5F0076C419 /* LoveFood.pch */,
			);
			name = Librarys;
			path = LoveFood/Librarys;
			sourceTree = SOURCE_ROOT;
		};
		D0D9E5A51AA281ACB0FA488D /* Frameworks */ = {
			isa = PBXGroup;
			children = (
				044C10776D29CF0D4096257D /* libPods.a */,
			);
			name = Frameworks;
			sourceTree = "<group>";
		};
		F11DA3E26BF7ECF2D819A91C /* Pods */ = {
			isa = PBXGroup;
			children = (
				EAD4C491D1FD262C0CDDDFCA /* Pods.debug.xcconfig */,
				41514CB55E27F6DFAEAEC4DB /* Pods.release.xcconfig */,
			);
			name = Pods;
			sourceTree = "<group>";
		};
/* End PBXGroup section */

/* Begin PBXNativeTarget section */
		7A827CAB1C4C9EC30076C419 /* LoveFood */ = {
			isa = PBXNativeTarget;
			buildConfigurationList = 7A827CBD1C4C9EC30076C419 /* Build configuration list for PBXNativeTarget "LoveFood" */;
			buildPhases = (
				7269679FE8D28E0868AF3DEE /* Check Pods Manifest.lock */,
				7A827CA81C4C9EC30076C419 /* Sources */,
				7A827CA91C4C9EC30076C419 /* Frameworks */,
				7A827CAA1C4C9EC30076C419 /* Resources */,
				C95FE5724888BE3E68D45F60 /* Embed Pods Frameworks */,
				BCB4C7CC908BC1AE8F53580C /* Copy Pods Resources */,
			);
			buildRules = (
			);
			dependencies = (
			);
			name = LoveFood;
			productName = LoveFood;
			productReference = 7A827CAC1C4C9EC30076C419 /* LoveFood.app */;
			productType = "com.apple.product-type.application";
		};
/* End PBXNativeTarget section */

/* Begin PBXProject section */
		7A827CA41C4C9EC30076C419 /* Project object */ = {
			isa = PBXProject;
			attributes = {
				LastUpgradeCheck = 0720;
				ORGANIZATIONNAME = SCJY;
				TargetAttributes = {
					7A827CAB1C4C9EC30076C419 = {
						CreatedOnToolsVersion = 7.2;
						DevelopmentTeam = U3LEG79K3Q;
					};
				};
			};
			buildConfigurationList = 7A827CA71C4C9EC30076C419 /* Build configuration list for PBXProject "LoveFood" */;
			compatibilityVersion = "Xcode 3.2";
			developmentRegion = English;
			hasScannedForEncodings = 0;
			knownRegions = (
				en,
				Base,
			);
			mainGroup = 7A827CA31C4C9EC30076C419;
			productRefGroup = 7A827CAD1C4C9EC30076C419 /* Products */;
			projectDirPath = "";
			projectRoot = "";
			targets = (
				7A827CAB1C4C9EC30076C419 /* LoveFood */,
			);
		};
/* End PBXProject section */

/* Begin PBXResourcesBuildPhase section */
		7A827CAA1C4C9EC30076C419 /* Resources */ = {
			isa = PBXResourcesBuildPhase;
			buildActionMask = 2147483647;
			files = (
				7A827CB61C4C9EC30076C419 /* Assets.xcassets in Resources */,
				7A827CB91C4C9EC30076C419 /* LaunchScreen.storyboard in Resources */,
			);
			runOnlyForDeploymentPostprocessing = 0;
		};
/* End PBXResourcesBuildPhase section */

/* Begin PBXShellScriptBuildPhase section */
		7269679FE8D28E0868AF3DEE /* Check Pods Manifest.lock */ = {
			isa = PBXShellScriptBuildPhase;
			buildActionMask = 2147483647;
			files = (
			);
			inputPaths = (
			);
			name = "Check Pods Manifest.lock";
			outputPaths = (
			);
			runOnlyForDeploymentPostprocessing = 0;
			shellPath = /bin/sh;
			shellScript = "diff \"${PODS_ROOT}/../Podfile.lock\" \"${PODS_ROOT}/Manifest.lock\" > /dev/null\nif [[ $? != 0 ]] ; then\n    cat << EOM\nerror: The sandbox is not in sync with the Podfile.lock. Run 'pod install' or update your CocoaPods installation.\nEOM\n    exit 1\nfi\n";
			showEnvVarsInLog = 0;
		};
		BCB4C7CC908BC1AE8F53580C /* Copy Pods Resources */ = {
			isa = PBXShellScriptBuildPhase;
			buildActionMask = 2147483647;
			files = (
			);
			inputPaths = (
			);
			name = "Copy Pods Resources";
			outputPaths = (
			);
			runOnlyForDeploymentPostprocessing = 0;
			shellPath = /bin/sh;
			shellScript = "\"${SRCROOT}/Pods/Target Support Files/Pods/Pods-resources.sh\"\n";
			showEnvVarsInLog = 0;
		};
		C95FE5724888BE3E68D45F60 /* Embed Pods Frameworks */ = {
			isa = PBXShellScriptBuildPhase;
			buildActionMask = 2147483647;
			files = (
			);
			inputPaths = (
			);
			name = "Embed Pods Frameworks";
			outputPaths = (
			);
			runOnlyForDeploymentPostprocessing = 0;
			shellPath = /bin/sh;
			shellScript = "\"${SRCROOT}/Pods/Target Support Files/Pods/Pods-frameworks.sh\"\n";
			showEnvVarsInLog = 0;
		};
/* End PBXShellScriptBuildPhase section */

/* Begin PBXSourcesBuildPhase section */
		7A827CA81C4C9EC30076C419 /* Sources */ = {
			isa = PBXSourcesBuildPhase;
			buildActionMask = 2147483647;
			files = (
				7A827CF01C4CACDE0076C419 /* FavoriteViewController.m in Sources */,
				7A827CB41C4C9EC30076C419 /* AppDelegate.m in Sources */,
				7A827CB11C4C9EC30076C419 /* main.m in Sources */,
				7A827CF11C4CACDE0076C419 /* FindViewController.m in Sources */,
				7A827CF21C4CACDE0076C419 /* MoreViewController.m in Sources */,
			);
			runOnlyForDeploymentPostprocessing = 0;
		};
/* End PBXSourcesBuildPhase section */

/* Begin PBXVariantGroup section */
		7A827CB71C4C9EC30076C419 /* LaunchScreen.storyboard */ = {
			isa = PBXVariantGroup;
			children = (
				7A827CB81C4C9EC30076C419 /* Base */,
			);
			name = LaunchScreen.storyboard;
			sourceTree = "<group>";
		};
/* End PBXVariantGroup section */

/* Begin XCBuildConfiguration section */
		7A827CBB1C4C9EC30076C419 /* Debug */ = {
			isa = XCBuildConfiguration;
			buildSettings = {
				ALWAYS_SEARCH_USER_PATHS = NO;
				CLANG_CXX_LANGUAGE_STANDARD = "gnu++0x";
				CLANG_CXX_LIBRARY = "libc++";
				CLANG_ENABLE_MODULES = YES;
				CLANG_ENABLE_OBJC_ARC = YES;
				CLANG_WARN_BOOL_CONVERSION = YES;
				CLANG_WARN_CONSTANT_CONVERSION = YES;
				CLANG_WARN_DIRECT_OBJC_ISA_USAGE = YES_ERROR;
				CLANG_WARN_EMPTY_BODY = YES;
				CLANG_WARN_ENUM_CONVERSION = YES;
				CLANG_WARN_INT_CONVERSION = YES;
				CLANG_WARN_OBJC_ROOT_CLASS = YES_ERROR;
				CLANG_WARN_UNREACHABLE_CODE = YES;
				CLANG_WARN__DUPLICATE_METHOD_MATCH = YES;
				"CODE_SIGN_IDENTITY[sdk=iphoneos*]" = "iPhone Developer";
				COPY_PHASE_STRIP = NO;
				DEBUG_INFORMATION_FORMAT = dwarf;
				ENABLE_STRICT_OBJC_MSGSEND = YES;
				ENABLE_TESTABILITY = YES;
				GCC_C_LANGUAGE_STANDARD = gnu99;
				GCC_DYNAMIC_NO_PIC = NO;
				GCC_NO_COMMON_BLOCKS = YES;
				GCC_OPTIMIZATION_LEVEL = 0;
				GCC_PREPROCESSOR_DEFINITIONS = (
					"DEBUG=1",
					"$(inherited)",
				);
				GCC_WARN_64_TO_32_BIT_CONVERSION = YES;
				GCC_WARN_ABOUT_RETURN_TYPE = YES_ERROR;
				GCC_WARN_UNDECLARED_SELECTOR = YES;
				GCC_WARN_UNINITIALIZED_AUTOS = YES_AGGRESSIVE;
				GCC_WARN_UNUSED_FUNCTION = YES;
				GCC_WARN_UNUSED_VARIABLE = YES;
				IPHONEOS_DEPLOYMENT_TARGET = 9.2;
				MTL_ENABLE_DEBUG_INFO = YES;
				ONLY_ACTIVE_ARCH = YES;
				SDKROOT = iphoneos;
			};
			name = Debug;
		};
		7A827CBC1C4C9EC30076C419 /* Release */ = {
			isa = XCBuildConfiguration;
			buildSettings = {
				ALWAYS_SEARCH_USER_PATHS = NO;
				CLANG_CXX_LANGUAGE_STANDARD = "gnu++0x";
				CLANG_CXX_LIBRARY = "libc++";
				CLANG_ENABLE_MODULES = YES;
				CLANG_ENABLE_OBJC_ARC = YES;
				CLANG_WARN_BOOL_CONVERSION = YES;
				CLANG_WARN_CONSTANT_CONVERSION = YES;
				CLANG_WARN_DIRECT_OBJC_ISA_USAGE = YES_ERROR;
				CLANG_WARN_EMPTY_BODY = YES;
				CLANG_WARN_ENUM_CONVERSION = YES;
				CLANG_WARN_INT_CONVERSION = YES;
				CLANG_WARN_OBJC_ROOT_CLASS = YES_ERROR;
				CLANG_WARN_UNREACHABLE_CODE = YES;
				CLANG_WARN__DUPLICATE_METHOD_MATCH = YES;
				"CODE_SIGN_IDENTITY[sdk=iphoneos*]" = "iPhone Developer";
				COPY_PHASE_STRIP = NO;
				DEBUG_INFORMATION_FORMAT = "dwarf-with-dsym";
				ENABLE_NS_ASSERTIONS = NO;
				ENABLE_STRICT_OBJC_MSGSEND = YES;
				GCC_C_LANGUAGE_STANDARD = gnu99;
				GCC_NO_COMMON_BLOCKS = YES;
				GCC_WARN_64_TO_32_BIT_CONVERSION = YES;
				GCC_WARN_ABOUT_RETURN_TYPE = YES_ERROR;
				GCC_WARN_UNDECLARED_SELECTOR = YES;
				GCC_WARN_UNINITIALIZED_AUTOS = YES_AGGRESSIVE;
				GCC_WARN_UNUSED_FUNCTION = YES;
				GCC_WARN_UNUSED_VARIABLE = YES;
				IPHONEOS_DEPLOYMENT_TARGET = 9.2;
				MTL_ENABLE_DEBUG_INFO = NO;
				SDKROOT = iphoneos;
				VALIDATE_PRODUCT = YES;
			};
			name = Release;
		};
		7A827CBE1C4C9EC30076C419 /* Debug */ = {
			isa = XCBuildConfiguration;
			baseConfigurationReference = EAD4C491D1FD262C0CDDDFCA /* Pods.debug.xcconfig */;
			buildSettings = {
				ASSETCATALOG_COMPILER_APPICON_NAME = AppIcon;
				INFOPLIST_FILE = LoveFood/Info.plist;
				LD_RUNPATH_SEARCH_PATHS = "$(inherited) @executable_path/Frameworks";
				PRODUCT_BUNDLE_IDENTIFIER = wang.LoveFood;
				PRODUCT_NAME = "$(TARGET_NAME)";
			};
			name = Debug;
		};
		7A827CBF1C4C9EC30076C419 /* Release */ = {
			isa = XCBuildConfiguration;
			baseConfigurationReference = 41514CB55E27F6DFAEAEC4DB /* Pods.release.xcconfig */;
			buildSettings = {
				ASSETCATALOG_COMPILER_APPICON_NAME = AppIcon;
				INFOPLIST_FILE = LoveFood/Info.plist;
				LD_RUNPATH_SEARCH_PATHS = "$(inherited) @executable_path/Frameworks";
				PRODUCT_BUNDLE_IDENTIFIER = wang.LoveFood;
				PRODUCT_NAME = "$(TARGET_NAME)";
			};
			name = Release;
		};
/* End XCBuildConfiguration section */

/* Begin XCConfigurationList section */
		7A827CA71C4C9EC30076C419 /* Build configuration list for PBXProject "LoveFood" */ = {
			isa = XCConfigurationList;
			buildConfigurations = (
				7A827CBB1C4C9EC30076C419 /* Debug */,
				7A827CBC1C4C9EC30076C419 /* Release */,
			);
			defaultConfigurationIsVisible = 0;
			defaultConfigurationName = Release;
		};
		7A827CBD1C4C9EC30076C419 /* Build configuration list for PBXNativeTarget "LoveFood" */ = {
			isa = XCConfigurationList;
			buildConfigurations = (
				7A827CBE1C4C9EC30076C419 /* Debug */,
				7A827CBF1C4C9EC30076C419 /* Release */,
			);
			defaultConfigurationIsVisible = 0;
			defaultConfigurationName = Release;
		};
/* End XCConfigurationList section */
	};
	rootObject = 7A827CA41C4C9EC30076C419 /* Project object */;
}
